// !$*UTF8*$!
{
	archiveVersion = 1;
	classes = {
	};
	objectVersion = 46;
	objects = {

/* Begin PBXBuildFile section */
		545DA4561AD46BFC008A5247 /* BookViewController.m in Sources */ = {isa = PBXBuildFile; fileRef = 545DA4541AD46BFC008A5247 /* BookViewController.m */; };
		545DA4571AD46BFC008A5247 /* BookViewController.xib in Resources */ = {isa = PBXBuildFile; fileRef = 545DA4551AD46BFC008A5247 /* BookViewController.xib */; };
		547E19E81AE0219600E0F755 /* BookShelf.m in Sources */ = {isa = PBXBuildFile; fileRef = 547E19E71AE0219600E0F755 /* BookShelf.m */; };
		5494F8B11AE357AD00B58D57 /* CardenioModernBold.ttf in Resources */ = {isa = PBXBuildFile; fileRef = 5494F8B01AE357AD00B58D57 /* CardenioModernBold.ttf */; };
		54A2EF1D1AE4569200648E72 /* shelfTop.png in Resources */ = {isa = PBXBuildFile; fileRef = 54A2EF1A1AE4569200648E72 /* shelfTop.png */; };
		54A2EF1E1AE4569200648E72 /* shelfMiddle.png in Resources */ = {isa = PBXBuildFile; fileRef = 54A2EF1B1AE4569200648E72 /* shelfMiddle.png */; };
		54A2EF1F1AE4569200648E72 /* shelfBottom.png in Resources */ = {isa = PBXBuildFile; fileRef = 54A2EF1C1AE4569200648E72 /* shelfBottom.png */; };
		54BB84341AE308AB003A53F4 /* Images.xcassets in Resources */ = {isa = PBXBuildFile; fileRef = 54BB84331AE308AB003A53F4 /* Images.xcassets */; };
		54BB84361AE3207C003A53F4 /* 3pqTXT.txt in Resources */ = {isa = PBXBuildFile; fileRef = 54BB84351AE3207C003A53F4 /* 3pqTXT.txt */; };
		54BB84381AE32E4F003A53F4 /* lolTXT.txt in Resources */ = {isa = PBXBuildFile; fileRef = 54BB84371AE32E4F003A53F4 /* lolTXT.txt */; };
		54DA0C901AD31A1200FA848D /* PageViewController.m in Sources */ = {isa = PBXBuildFile; fileRef = 54DA0C8E1AD31A1200FA848D /* PageViewController.m */; };
		54DA0C911AD31A1200FA848D /* PageViewController.xib in Resources */ = {isa = PBXBuildFile; fileRef = 54DA0C8F1AD31A1200FA848D /* PageViewController.xib */; };
		54DD27E11AE4951400C15530 /* Narrar.png in Resources */ = {isa = PBXBuildFile; fileRef = 54DD27E01AE4951400C15530 /* Narrar.png */; };
		C41285FB1AE4AE53000D323E /* cor1.png in Resources */ = {isa = PBXBuildFile; fileRef = C47395651AE43665006C9AFA /* cor1.png */; };
		C41285FC1AE4AE53000D323E /* cor11.png in Resources */ = {isa = PBXBuildFile; fileRef = C473956F1AE43665006C9AFA /* cor11.png */; };
		C41285FD1AE4AE53000D323E /* cor5.png in Resources */ = {isa = PBXBuildFile; fileRef = C47395691AE43665006C9AFA /* cor5.png */; };
		C41285FE1AE4AE53000D323E /* Narrar-02.png in Resources */ = {isa = PBXBuildFile; fileRef = C47216441AD831D3005EF629 /* Narrar-02.png */; };
		C426D4121AD72A4500F9B4E9 /* btnPassar.png in Resources */ = {isa = PBXBuildFile; fileRef = C426D40D1AD72A4500F9B4E9 /* btnPassar.png */; };
		C426D4131AD72A4500F9B4E9 /* Home.png in Resources */ = {isa = PBXBuildFile; fileRef = C426D40E1AD72A4500F9B4E9 /* Home.png */; };
		C426D4141AD72A4500F9B4E9 /* Pausar.png in Resources */ = {isa = PBXBuildFile; fileRef = C426D40F1AD72A4500F9B4E9 /* Pausar.png */; };
		C426D4151AD72A4500F9B4E9 /* Play.png in Resources */ = {isa = PBXBuildFile; fileRef = C426D4101AD72A4500F9B4E9 /* Play.png */; };
		C426D4161AD72A4500F9B4E9 /* Stop.png in Resources */ = {isa = PBXBuildFile; fileRef = C426D4111AD72A4500F9B4E9 /* Stop.png */; };
		C46316061AD0729800695BA1 /* EntradaUsuario.m in Sources */ = {isa = PBXBuildFile; fileRef = C46316051AD0729800695BA1 /* EntradaUsuario.m */; };
		C472164E1AD83C45005EF629 /* MenuViewController.m in Sources */ = {isa = PBXBuildFile; fileRef = C472164C1AD83C44005EF629 /* MenuViewController.m */; };
		C472164F1AD83C45005EF629 /* MenuViewController.xib in Resources */ = {isa = PBXBuildFile; fileRef = C472164D1AD83C44005EF629 /* MenuViewController.xib */; };
		C47216511AD8431F005EF629 /* LogoEraUmaVezUmDesenho.png in Resources */ = {isa = PBXBuildFile; fileRef = C47216501AD8431F005EF629 /* LogoEraUmaVezUmDesenho.png */; };
		C47216541AD84628005EF629 /* 3pqCover.png in Resources */ = {isa = PBXBuildFile; fileRef = C47216521AD84628005EF629 /* 3pqCover.png */; };
		C47216551AD84628005EF629 /* BtnNarrar.png in Resources */ = {isa = PBXBuildFile; fileRef = C47216531AD84628005EF629 /* BtnNarrar.png */; };
		C47216571AD84854005EF629 /* Fundo.png in Resources */ = {isa = PBXBuildFile; fileRef = C47216561AD84854005EF629 /* Fundo.png */; };
		C47395701AE43665006C9AFA /* cor0.png in Resources */ = {isa = PBXBuildFile; fileRef = C47395641AE43665006C9AFA /* cor0.png */; };
		C47395721AE43665006C9AFA /* cor2.png in Resources */ = {isa = PBXBuildFile; fileRef = C47395661AE43665006C9AFA /* cor2.png */; };
		C47395731AE43665006C9AFA /* cor3.png in Resources */ = {isa = PBXBuildFile; fileRef = C47395671AE43665006C9AFA /* cor3.png */; };
		C47395741AE43665006C9AFA /* cor4.png in Resources */ = {isa = PBXBuildFile; fileRef = C47395681AE43665006C9AFA /* cor4.png */; };
		C47395761AE43665006C9AFA /* cor6.png in Resources */ = {isa = PBXBuildFile; fileRef = C473956A1AE43665006C9AFA /* cor6.png */; };
		C47395771AE43665006C9AFA /* cor7.png in Resources */ = {isa = PBXBuildFile; fileRef = C473956B1AE43665006C9AFA /* cor7.png */; };
		C47395781AE43665006C9AFA /* cor8.png in Resources */ = {isa = PBXBuildFile; fileRef = C473956C1AE43665006C9AFA /* cor8.png */; };
		C47395791AE43665006C9AFA /* cor9.png in Resources */ = {isa = PBXBuildFile; fileRef = C473956D1AE43665006C9AFA /* cor9.png */; };
		C473957A1AE43665006C9AFA /* cor10.png in Resources */ = {isa = PBXBuildFile; fileRef = C473956E1AE43665006C9AFA /* cor10.png */; };
		C47395811AE45F50006C9AFA /* clickButton.mp3 in Resources */ = {isa = PBXBuildFile; fileRef = C473957D1AE45F50006C9AFA /* clickButton.mp3 */; };
		C47395821AE45F50006C9AFA /* home.mp3 in Resources */ = {isa = PBXBuildFile; fileRef = C473957E1AE45F50006C9AFA /* home.mp3 */; };
		C47395831AE45F50006C9AFA /* page.mp3 in Resources */ = {isa = PBXBuildFile; fileRef = C473957F1AE45F50006C9AFA /* page.mp3 */; };
		C47395841AE45F50006C9AFA /* pageProx.mp3 in Resources */ = {isa = PBXBuildFile; fileRef = C47395801AE45F50006C9AFA /* pageProx.mp3 */; };
		C4C5F63C1AD042B300226F61 /* main.m in Sources */ = {isa = PBXBuildFile; fileRef = C4C5F63B1AD042B300226F61 /* main.m */; };
		C4C5F63F1AD042B300226F61 /* AppDelegate.m in Sources */ = {isa = PBXBuildFile; fileRef = C4C5F63E1AD042B300226F61 /* AppDelegate.m */; };
		C4C5F6421AD042B300226F61 /* POCGravacao.xcdatamodeld in Sources */ = {isa = PBXBuildFile; fileRef = C4C5F6401AD042B300226F61 /* POCGravacao.xcdatamodeld */; };
		C4C5F6471AD042B300226F61 /* LaunchScreen.xib in Resources */ = {isa = PBXBuildFile; fileRef = C4C5F6451AD042B300226F61 /* LaunchScreen.xib */; };
		C4C5F6531AD042B400226F61 /* POCGravacaoTests.m in Sources */ = {isa = PBXBuildFile; fileRef = C4C5F6521AD042B400226F61 /* POCGravacaoTests.m */; };
		C4C5F6751AD0508700226F61 /* AVFoundation.framework in Frameworks */ = {isa = PBXBuildFile; fileRef = C4C5F6741AD0508700226F61 /* AVFoundation.framework */; };
		C4C7FD1F1AD7FAED0073441E /* Gravar.png in Resources */ = {isa = PBXBuildFile; fileRef = C4C7FD1E1AD7FAED0073441E /* Gravar.png */; };
		C4C7FD211AD816DC0073441E /* btnPassarEsq.png in Resources */ = {isa = PBXBuildFile; fileRef = C4C7FD201AD816DC0073441E /* btnPassarEsq.png */; };
		C4C7FD301AD82CF90073441E /* Book3pqPage0.png in Resources */ = {isa = PBXBuildFile; fileRef = C4C7FD221AD82CF90073441E /* Book3pqPage0.png */; };
		C4C7FD311AD82CF90073441E /* Book3pqPage1.png in Resources */ = {isa = PBXBuildFile; fileRef = C4C7FD231AD82CF90073441E /* Book3pqPage1.png */; };
		C4C7FD321AD82CF90073441E /* Book3pqPage2.png in Resources */ = {isa = PBXBuildFile; fileRef = C4C7FD241AD82CF90073441E /* Book3pqPage2.png */; };
		C4C7FD331AD82CF90073441E /* Book3pqPage3.png in Resources */ = {isa = PBXBuildFile; fileRef = C4C7FD251AD82CF90073441E /* Book3pqPage3.png */; };
		C4C7FD341AD82CF90073441E /* Book3pqPage4.png in Resources */ = {isa = PBXBuildFile; fileRef = C4C7FD261AD82CF90073441E /* Book3pqPage4.png */; };
		C4C7FD351AD82CF90073441E /* Book3pqPage5.png in Resources */ = {isa = PBXBuildFile; fileRef = C4C7FD271AD82CF90073441E /* Book3pqPage5.png */; };
		C4C7FD361AD82CF90073441E /* Book3pqPage6.png in Resources */ = {isa = PBXBuildFile; fileRef = C4C7FD281AD82CF90073441E /* Book3pqPage6.png */; };
		C4C7FD371AD82CF90073441E /* Book3pqPage7.png in Resources */ = {isa = PBXBuildFile; fileRef = C4C7FD291AD82CF90073441E /* Book3pqPage7.png */; };
		C4C7FD381AD82CF90073441E /* Book3pqPage8.png in Resources */ = {isa = PBXBuildFile; fileRef = C4C7FD2A1AD82CF90073441E /* Book3pqPage8.png */; };
		C4C7FD391AD82CF90073441E /* Book3pqPage9.png in Resources */ = {isa = PBXBuildFile; fileRef = C4C7FD2B1AD82CF90073441E /* Book3pqPage9.png */; };
		C4C7FD3A1AD82CF90073441E /* Book3pqPage10.png in Resources */ = {isa = PBXBuildFile; fileRef = C4C7FD2C1AD82CF90073441E /* Book3pqPage10.png */; };
		C4C7FD3B1AD82CF90073441E /* Book3pqPage11.png in Resources */ = {isa = PBXBuildFile; fileRef = C4C7FD2D1AD82CF90073441E /* Book3pqPage11.png */; };
		C4C7FD3C1AD82CF90073441E /* Book3pqPage12.png in Resources */ = {isa = PBXBuildFile; fileRef = C4C7FD2E1AD82CF90073441E /* Book3pqPage12.png */; };
		C4C7FD3D1AD82CF90073441E /* Book3pqPage13.png in Resources */ = {isa = PBXBuildFile; fileRef = C4C7FD2F1AD82CF90073441E /* Book3pqPage13.png */; };
/* End PBXBuildFile section */

/* Begin PBXContainerItemProxy section */
		C4C5F64D1AD042B400226F61 /* PBXContainerItemProxy */ = {
			isa = PBXContainerItemProxy;
			containerPortal = C4C5F62E1AD042B300226F61 /* Project object */;
			proxyType = 1;
			remoteGlobalIDString = C4C5F6351AD042B300226F61;
			remoteInfo = POCGravacao;
		};
/* End PBXContainerItemProxy section */

/* Begin PBXFileReference section */
		545DA4531AD46BFC008A5247 /* BookViewController.h */ = {isa = PBXFileReference; fileEncoding = 4; lastKnownFileType = sourcecode.c.h; path = BookViewController.h; sourceTree = "<group>"; };
		545DA4541AD46BFC008A5247 /* BookViewController.m */ = {isa = PBXFileReference; fileEncoding = 4; lastKnownFileType = sourcecode.c.objc; path = BookViewController.m; sourceTree = "<group>"; };
		545DA4551AD46BFC008A5247 /* BookViewController.xib */ = {isa = PBXFileReference; fileEncoding = 4; lastKnownFileType = file.xib; path = BookViewController.xib; sourceTree = "<group>"; };
		547E19E61AE0219600E0F755 /* BookShelf.h */ = {isa = PBXFileReference; fileEncoding = 4; lastKnownFileType = sourcecode.c.h; path = BookShelf.h; sourceTree = "<group>"; };
		547E19E71AE0219600E0F755 /* BookShelf.m */ = {isa = PBXFileReference; fileEncoding = 4; lastKnownFileType = sourcecode.c.objc; path = BookShelf.m; sourceTree = "<group>"; };
		5494F8B01AE357AD00B58D57 /* CardenioModernBold.ttf */ = {isa = PBXFileReference; lastKnownFileType = file; path = CardenioModernBold.ttf; sourceTree = "<group>"; };
		54A2EF1A1AE4569200648E72 /* shelfTop.png */ = {isa = PBXFileReference; lastKnownFileType = image.png; path = shelfTop.png; sourceTree = "<group>"; };
		54A2EF1B1AE4569200648E72 /* shelfMiddle.png */ = {isa = PBXFileReference; lastKnownFileType = image.png; path = shelfMiddle.png; sourceTree = "<group>"; };
		54A2EF1C1AE4569200648E72 /* shelfBottom.png */ = {isa = PBXFileReference; lastKnownFileType = image.png; path = shelfBottom.png; sourceTree = "<group>"; };
		54BB84331AE308AB003A53F4 /* Images.xcassets */ = {isa = PBXFileReference; lastKnownFileType = folder.assetcatalog; path = Images.xcassets; sourceTree = "<group>"; };
		54BB84351AE3207C003A53F4 /* 3pqTXT.txt */ = {isa = PBXFileReference; fileEncoding = 4; lastKnownFileType = text; path = 3pqTXT.txt; sourceTree = "<group>"; };
		54BB84371AE32E4F003A53F4 /* lolTXT.txt */ = {isa = PBXFileReference; fileEncoding = 4; lastKnownFileType = text; path = lolTXT.txt; sourceTree = "<group>"; };
		54DA0C8D1AD31A1200FA848D /* PageViewController.h */ = {isa = PBXFileReference; fileEncoding = 4; lastKnownFileType = sourcecode.c.h; path = PageViewController.h; sourceTree = "<group>"; };
		54DA0C8E1AD31A1200FA848D /* PageViewController.m */ = {isa = PBXFileReference; fileEncoding = 4; lastKnownFileType = sourcecode.c.objc; path = PageViewController.m; sourceTree = "<group>"; };
		54DA0C8F1AD31A1200FA848D /* PageViewController.xib */ = {isa = PBXFileReference; fileEncoding = 4; lastKnownFileType = file.xib; path = PageViewController.xib; sourceTree = "<group>"; };
		54DD27E01AE4951400C15530 /* Narrar.png */ = {isa = PBXFileReference; lastKnownFileType = image.png; path = Narrar.png; sourceTree = "<group>"; };
		C426D40D1AD72A4500F9B4E9 /* btnPassar.png */ = {isa = PBXFileReference; lastKnownFileType = image.png; path = btnPassar.png; sourceTree = "<group>"; };
		C426D40E1AD72A4500F9B4E9 /* Home.png */ = {isa = PBXFileReference; lastKnownFileType = image.png; path = Home.png; sourceTree = "<group>"; };
		C426D40F1AD72A4500F9B4E9 /* Pausar.png */ = {isa = PBXFileReference; lastKnownFileType = image.png; path = Pausar.png; sourceTree = "<group>"; };
		C426D4101AD72A4500F9B4E9 /* Play.png */ = {isa = PBXFileReference; lastKnownFileType = image.png; path = Play.png; sourceTree = "<group>"; };
		C426D4111AD72A4500F9B4E9 /* Stop.png */ = {isa = PBXFileReference; lastKnownFileType = image.png; path = Stop.png; sourceTree = "<group>"; };
		C46316041AD0729800695BA1 /* EntradaUsuario.h */ = {isa = PBXFileReference; fileEncoding = 4; lastKnownFileType = sourcecode.c.h; path = EntradaUsuario.h; sourceTree = "<group>"; };
		C46316051AD0729800695BA1 /* EntradaUsuario.m */ = {isa = PBXFileReference; fileEncoding = 4; lastKnownFileType = sourcecode.c.objc; path = EntradaUsuario.m; sourceTree = "<group>"; };
		C47216441AD831D3005EF629 /* Narrar-02.png */ = {isa = PBXFileReference; lastKnownFileType = image.png; path = "Narrar-02.png"; sourceTree = "<group>"; };
		C472164B1AD83C44005EF629 /* MenuViewController.h */ = {isa = PBXFileReference; fileEncoding = 4; lastKnownFileType = sourcecode.c.h; path = MenuViewController.h; sourceTree = "<group>"; };
		C472164C1AD83C44005EF629 /* MenuViewController.m */ = {isa = PBXFileReference; fileEncoding = 4; lastKnownFileType = sourcecode.c.objc; path = MenuViewController.m; sourceTree = "<group>"; };
		C472164D1AD83C44005EF629 /* MenuViewController.xib */ = {isa = PBXFileReference; fileEncoding = 4; lastKnownFileType = file.xib; path = MenuViewController.xib; sourceTree = "<group>"; };
		C47216501AD8431F005EF629 /* LogoEraUmaVezUmDesenho.png */ = {isa = PBXFileReference; lastKnownFileType = image.png; path = LogoEraUmaVezUmDesenho.png; sourceTree = "<group>"; };
		C47216521AD84628005EF629 /* 3pqCover.png */ = {isa = PBXFileReference; lastKnownFileType = image.png; path = 3pqCover.png; sourceTree = "<group>"; };
		C47216531AD84628005EF629 /* BtnNarrar.png */ = {isa = PBXFileReference; lastKnownFileType = image.png; path = BtnNarrar.png; sourceTree = "<group>"; };
		C47216561AD84854005EF629 /* Fundo.png */ = {isa = PBXFileReference; lastKnownFileType = image.png; path = Fundo.png; sourceTree = "<group>"; };
		C47395641AE43665006C9AFA /* cor0.png */ = {isa = PBXFileReference; lastKnownFileType = image.png; name = cor0.png; path = btnLapisCores/cor0.png; sourceTree = "<group>"; };
		C47395651AE43665006C9AFA /* cor1.png */ = {isa = PBXFileReference; lastKnownFileType = image.png; name = cor1.png; path = btnLapisCores/cor1.png; sourceTree = "<group>"; };
		C47395661AE43665006C9AFA /* cor2.png */ = {isa = PBXFileReference; lastKnownFileType = image.png; name = cor2.png; path = btnLapisCores/cor2.png; sourceTree = "<group>"; };
		C47395671AE43665006C9AFA /* cor3.png */ = {isa = PBXFileReference; lastKnownFileType = image.png; name = cor3.png; path = btnLapisCores/cor3.png; sourceTree = "<group>"; };
		C47395681AE43665006C9AFA /* cor4.png */ = {isa = PBXFileReference; lastKnownFileType = image.png; name = cor4.png; path = btnLapisCores/cor4.png; sourceTree = "<group>"; };
		C47395691AE43665006C9AFA /* cor5.png */ = {isa = PBXFileReference; lastKnownFileType = image.png; name = cor5.png; path = btnLapisCores/cor5.png; sourceTree = "<group>"; };
		C473956A1AE43665006C9AFA /* cor6.png */ = {isa = PBXFileReference; lastKnownFileType = image.png; name = cor6.png; path = btnLapisCores/cor6.png; sourceTree = "<group>"; };
		C473956B1AE43665006C9AFA /* cor7.png */ = {isa = PBXFileReference; lastKnownFileType = image.png; name = cor7.png; path = btnLapisCores/cor7.png; sourceTree = "<group>"; };
		C473956C1AE43665006C9AFA /* cor8.png */ = {isa = PBXFileReference; lastKnownFileType = image.png; name = cor8.png; path = btnLapisCores/cor8.png; sourceTree = "<group>"; };
		C473956D1AE43665006C9AFA /* cor9.png */ = {isa = PBXFileReference; lastKnownFileType = image.png; name = cor9.png; path = btnLapisCores/cor9.png; sourceTree = "<group>"; };
		C473956E1AE43665006C9AFA /* cor10.png */ = {isa = PBXFileReference; lastKnownFileType = image.png; name = cor10.png; path = btnLapisCores/cor10.png; sourceTree = "<group>"; };
		C473956F1AE43665006C9AFA /* cor11.png */ = {isa = PBXFileReference; lastKnownFileType = image.png; name = cor11.png; path = btnLapisCores/cor11.png; sourceTree = "<group>"; };
		C473957D1AE45F50006C9AFA /* clickButton.mp3 */ = {isa = PBXFileReference; lastKnownFileType = audio.mp3; name = clickButton.mp3; path = sons/clickButton.mp3; sourceTree = "<group>"; };
		C473957E1AE45F50006C9AFA /* home.mp3 */ = {isa = PBXFileReference; lastKnownFileType = audio.mp3; name = home.mp3; path = sons/home.mp3; sourceTree = "<group>"; };
		C473957F1AE45F50006C9AFA /* page.mp3 */ = {isa = PBXFileReference; lastKnownFileType = audio.mp3; name = page.mp3; path = sons/page.mp3; sourceTree = "<group>"; };
		C47395801AE45F50006C9AFA /* pageProx.mp3 */ = {isa = PBXFileReference; lastKnownFileType = audio.mp3; name = pageProx.mp3; path = sons/pageProx.mp3; sourceTree = "<group>"; };
		C4C5F6361AD042B300226F61 /* POCGravacao.app */ = {isa = PBXFileReference; explicitFileType = wrapper.application; includeInIndex = 0; path = POCGravacao.app; sourceTree = BUILT_PRODUCTS_DIR; };
		C4C5F63A1AD042B300226F61 /* Info.plist */ = {isa = PBXFileReference; lastKnownFileType = text.plist.xml; path = Info.plist; sourceTree = "<group>"; };
		C4C5F63B1AD042B300226F61 /* main.m */ = {isa = PBXFileReference; lastKnownFileType = sourcecode.c.objc; path = main.m; sourceTree = "<group>"; };
		C4C5F63D1AD042B300226F61 /* AppDelegate.h */ = {isa = PBXFileReference; lastKnownFileType = sourcecode.c.h; path = AppDelegate.h; sourceTree = "<group>"; };
		C4C5F63E1AD042B300226F61 /* AppDelegate.m */ = {isa = PBXFileReference; lastKnownFileType = sourcecode.c.objc; path = AppDelegate.m; sourceTree = "<group>"; };
		C4C5F6411AD042B300226F61 /* POCGravacao.xcdatamodel */ = {isa = PBXFileReference; lastKnownFileType = wrapper.xcdatamodel; path = POCGravacao.xcdatamodel; sourceTree = "<group>"; };
		C4C5F6461AD042B300226F61 /* Base */ = {isa = PBXFileReference; lastKnownFileType = file.xib; name = Base; path = Base.lproj/LaunchScreen.xib; sourceTree = "<group>"; };
		C4C5F64C1AD042B400226F61 /* POCGravacaoTests.xctest */ = {isa = PBXFileReference; explicitFileType = wrapper.cfbundle; includeInIndex = 0; path = POCGravacaoTests.xctest; sourceTree = BUILT_PRODUCTS_DIR; };
		C4C5F6511AD042B400226F61 /* Info.plist */ = {isa = PBXFileReference; lastKnownFileType = text.plist.xml; path = Info.plist; sourceTree = "<group>"; };
		C4C5F6521AD042B400226F61 /* POCGravacaoTests.m */ = {isa = PBXFileReference; lastKnownFileType = sourcecode.c.objc; path = POCGravacaoTests.m; sourceTree = "<group>"; };
		C4C5F6741AD0508700226F61 /* AVFoundation.framework */ = {isa = PBXFileReference; lastKnownFileType = wrapper.framework; name = AVFoundation.framework; path = System/Library/Frameworks/AVFoundation.framework; sourceTree = SDKROOT; };
		C4C7FD1E1AD7FAED0073441E /* Gravar.png */ = {isa = PBXFileReference; lastKnownFileType = image.png; path = Gravar.png; sourceTree = "<group>"; };
		C4C7FD201AD816DC0073441E /* btnPassarEsq.png */ = {isa = PBXFileReference; lastKnownFileType = image.png; path = btnPassarEsq.png; sourceTree = "<group>"; };
		C4C7FD221AD82CF90073441E /* Book3pqPage0.png */ = {isa = PBXFileReference; lastKnownFileType = image.png; path = Book3pqPage0.png; sourceTree = "<group>"; };
		C4C7FD231AD82CF90073441E /* Book3pqPage1.png */ = {isa = PBXFileReference; lastKnownFileType = image.png; path = Book3pqPage1.png; sourceTree = "<group>"; };
		C4C7FD241AD82CF90073441E /* Book3pqPage2.png */ = {isa = PBXFileReference; lastKnownFileType = image.png; path = Book3pqPage2.png; sourceTree = "<group>"; };
		C4C7FD251AD82CF90073441E /* Book3pqPage3.png */ = {isa = PBXFileReference; lastKnownFileType = image.png; path = Book3pqPage3.png; sourceTree = "<group>"; };
		C4C7FD261AD82CF90073441E /* Book3pqPage4.png */ = {isa = PBXFileReference; lastKnownFileType = image.png; path = Book3pqPage4.png; sourceTree = "<group>"; };
		C4C7FD271AD82CF90073441E /* Book3pqPage5.png */ = {isa = PBXFileReference; lastKnownFileType = image.png; path = Book3pqPage5.png; sourceTree = "<group>"; };
		C4C7FD281AD82CF90073441E /* Book3pqPage6.png */ = {isa = PBXFileReference; lastKnownFileType = image.png; path = Book3pqPage6.png; sourceTree = "<group>"; };
		C4C7FD291AD82CF90073441E /* Book3pqPage7.png */ = {isa = PBXFileReference; lastKnownFileType = image.png; path = Book3pqPage7.png; sourceTree = "<group>"; };
		C4C7FD2A1AD82CF90073441E /* Book3pqPage8.png */ = {isa = PBXFileReference; lastKnownFileType = image.png; path = Book3pqPage8.png; sourceTree = "<group>"; };
		C4C7FD2B1AD82CF90073441E /* Book3pqPage9.png */ = {isa = PBXFileReference; lastKnownFileType = image.png; path = Book3pqPage9.png; sourceTree = "<group>"; };
		C4C7FD2C1AD82CF90073441E /* Book3pqPage10.png */ = {isa = PBXFileReference; lastKnownFileType = image.png; path = Book3pqPage10.png; sourceTree = "<group>"; };
		C4C7FD2D1AD82CF90073441E /* Book3pqPage11.png */ = {isa = PBXFileReference; lastKnownFileType = image.png; path = Book3pqPage11.png; sourceTree = "<group>"; };
		C4C7FD2E1AD82CF90073441E /* Book3pqPage12.png */ = {isa = PBXFileReference; lastKnownFileType = image.png; path = Book3pqPage12.png; sourceTree = "<group>"; };
		C4C7FD2F1AD82CF90073441E /* Book3pqPage13.png */ = {isa = PBXFileReference; lastKnownFileType = image.png; path = Book3pqPage13.png; sourceTree = "<group>"; };
/* End PBXFileReference section */

/* Begin PBXFrameworksBuildPhase section */
		C4C5F6331AD042B300226F61 /* Frameworks */ = {
			isa = PBXFrameworksBuildPhase;
			buildActionMask = 2147483647;
			files = (
				C4C5F6751AD0508700226F61 /* AVFoundation.framework in Frameworks */,
			);
			runOnlyForDeploymentPostprocessing = 0;
		};
		C4C5F6491AD042B400226F61 /* Frameworks */ = {
			isa = PBXFrameworksBuildPhase;
			buildActionMask = 2147483647;
			files = (
			);
			runOnlyForDeploymentPostprocessing = 0;
		};
/* End PBXFrameworksBuildPhase section */

/* Begin PBXGroup section */
		5443FE7A1AD59E1400E7EBD6 /* Book3PQ */ = {
			isa = PBXGroup;
			children = (
				C47216561AD84854005EF629 /* Fundo.png */,
				C47216521AD84628005EF629 /* 3pqCover.png */,
				C47216501AD8431F005EF629 /* LogoEraUmaVezUmDesenho.png */,
				C4C7FD221AD82CF90073441E /* Book3pqPage0.png */,
				C4C7FD231AD82CF90073441E /* Book3pqPage1.png */,
				C4C7FD241AD82CF90073441E /* Book3pqPage2.png */,
				C4C7FD251AD82CF90073441E /* Book3pqPage3.png */,
				C4C7FD261AD82CF90073441E /* Book3pqPage4.png */,
				C4C7FD271AD82CF90073441E /* Book3pqPage5.png */,
				C4C7FD281AD82CF90073441E /* Book3pqPage6.png */,
				C4C7FD291AD82CF90073441E /* Book3pqPage7.png */,
				C4C7FD2A1AD82CF90073441E /* Book3pqPage8.png */,
				C4C7FD2B1AD82CF90073441E /* Book3pqPage9.png */,
				C4C7FD2C1AD82CF90073441E /* Book3pqPage10.png */,
				C4C7FD2D1AD82CF90073441E /* Book3pqPage11.png */,
				C4C7FD2E1AD82CF90073441E /* Book3pqPage12.png */,
				C4C7FD2F1AD82CF90073441E /* Book3pqPage13.png */,
				54BB84351AE3207C003A53F4 /* 3pqTXT.txt */,
				54BB84371AE32E4F003A53F4 /* lolTXT.txt */,
			);
			name = Book3PQ;
			sourceTree = "<group>";
		};
		5494F8B21AE357C800B58D57 /* Fonts */ = {
			isa = PBXGroup;
			children = (
				5494F8B01AE357AD00B58D57 /* CardenioModernBold.ttf */,
			);
			name = Fonts;
			sourceTree = "<group>";
		};
		C422BD5D1AD6C92B004F7E87 /* PagesHistoria */ = {
			isa = PBXGroup;
			children = (
				54DA0C8D1AD31A1200FA848D /* PageViewController.h */,
				54DA0C8E1AD31A1200FA848D /* PageViewController.m */,
				54DA0C8F1AD31A1200FA848D /* PageViewController.xib */,
			);
			name = PagesHistoria;
			sourceTree = "<group>";
		};
		C47216581AD857BB005EF629 /* MenuInicial */ = {
			isa = PBXGroup;
			children = (
				54A2EF1A1AE4569200648E72 /* shelfTop.png */,
				54A2EF1B1AE4569200648E72 /* shelfMiddle.png */,
				54A2EF1C1AE4569200648E72 /* shelfBottom.png */,
				C472164B1AD83C44005EF629 /* MenuViewController.h */,
				C472164C1AD83C44005EF629 /* MenuViewController.m */,
				C472164D1AD83C44005EF629 /* MenuViewController.xib */,
				547E19E61AE0219600E0F755 /* BookShelf.h */,
				547E19E71AE0219600E0F755 /* BookShelf.m */,
			);
			name = MenuInicial;
			sourceTree = "<group>";
		};
		C47216591AD857DA005EF629 /* ControleUsuario */ = {
			isa = PBXGroup;
			children = (
				C46316041AD0729800695BA1 /* EntradaUsuario.h */,
				C46316051AD0729800695BA1 /* EntradaUsuario.m */,
			);
			name = ControleUsuario;
			sourceTree = "<group>";
		};
		C47395631AE430F7006C9AFA /* sons */ = {
			isa = PBXGroup;
			children = (
				C473957D1AE45F50006C9AFA /* clickButton.mp3 */,
				C473957E1AE45F50006C9AFA /* home.mp3 */,
				C473957F1AE45F50006C9AFA /* page.mp3 */,
				C47395801AE45F50006C9AFA /* pageProx.mp3 */,
			);
			name = sons;
			sourceTree = "<group>";
		};
		C473957C1AE4366E006C9AFA /* btnLapisCor */ = {
			isa = PBXGroup;
			children = (
				C47395641AE43665006C9AFA /* cor0.png */,
				C47395651AE43665006C9AFA /* cor1.png */,
				C47395661AE43665006C9AFA /* cor2.png */,
				C47395671AE43665006C9AFA /* cor3.png */,
				C47395681AE43665006C9AFA /* cor4.png */,
				C47395691AE43665006C9AFA /* cor5.png */,
				C473956A1AE43665006C9AFA /* cor6.png */,
				C473956B1AE43665006C9AFA /* cor7.png */,
				C473956C1AE43665006C9AFA /* cor8.png */,
				C473956D1AE43665006C9AFA /* cor9.png */,
				C473956E1AE43665006C9AFA /* cor10.png */,
				C473956F1AE43665006C9AFA /* cor11.png */,
			);
			name = btnLapisCor;
			sourceTree = "<group>";
		};
		C4C5F62D1AD042B300226F61 = {
			isa = PBXGroup;
			children = (
				C4C5F6741AD0508700226F61 /* AVFoundation.framework */,
				C4C5F6381AD042B300226F61 /* POCGravacao */,
				C4C5F64F1AD042B400226F61 /* POCGravacaoTests */,
				C4C5F6371AD042B300226F61 /* Products */,
			);
			sourceTree = "<group>";
		};
		C4C5F6371AD042B300226F61 /* Products */ = {
			isa = PBXGroup;
			children = (
				C4C5F6361AD042B300226F61 /* POCGravacao.app */,
				C4C5F64C1AD042B400226F61 /* POCGravacaoTests.xctest */,
			);
			name = Products;
			sourceTree = "<group>";
		};
		C4C5F6381AD042B300226F61 /* POCGravacao */ = {
			isa = PBXGroup;
			children = (
				C473957C1AE4366E006C9AFA /* btnLapisCor */,
				C47395631AE430F7006C9AFA /* sons */,
				C4C7FD1B1AD7F9D50073441E /* imageBtn */,
				5443FE7A1AD59E1400E7EBD6 /* Book3PQ */,
				C47216581AD857BB005EF629 /* MenuInicial */,
				C422BD5D1AD6C92B004F7E87 /* PagesHistoria */,
				C4C5F6731AD043A000226F61 /* BookHistoria */,
				C47216591AD857DA005EF629 /* ControleUsuario */,
				5494F8B21AE357C800B58D57 /* Fonts */,
				C4C5F63D1AD042B300226F61 /* AppDelegate.h */,
				C4C5F63E1AD042B300226F61 /* AppDelegate.m */,
				C4C5F6451AD042B300226F61 /* LaunchScreen.xib */,
				C4C5F6401AD042B300226F61 /* POCGravacao.xcdatamodeld */,
				54BB84331AE308AB003A53F4 /* Images.xcassets */,
				C4C5F6391AD042B300226F61 /* Supporting Files */,
			);
			path = POCGravacao;
			sourceTree = "<group>";
		};
		C4C5F6391AD042B300226F61 /* Supporting Files */ = {
			isa = PBXGroup;
			children = (
				C4C5F63A1AD042B300226F61 /* Info.plist */,
				C4C5F63B1AD042B300226F61 /* main.m */,
			);
			name = "Supporting Files";
			sourceTree = "<group>";
		};
		C4C5F64F1AD042B400226F61 /* POCGravacaoTests */ = {
			isa = PBXGroup;
			children = (
				C4C5F6521AD042B400226F61 /* POCGravacaoTests.m */,
				C4C5F6501AD042B400226F61 /* Supporting Files */,
			);
			path = POCGravacaoTests;
			sourceTree = "<group>";
		};
		C4C5F6501AD042B400226F61 /* Supporting Files */ = {
			isa = PBXGroup;
			children = (
				C4C5F6511AD042B400226F61 /* Info.plist */,
			);
			name = "Supporting Files";
			sourceTree = "<group>";
		};
		C4C5F6731AD043A000226F61 /* BookHistoria */ = {
			isa = PBXGroup;
			children = (
				545DA4531AD46BFC008A5247 /* BookViewController.h */,
				545DA4541AD46BFC008A5247 /* BookViewController.m */,
				545DA4551AD46BFC008A5247 /* BookViewController.xib */,
			);
			name = BookHistoria;
			sourceTree = "<group>";
		};
		C4C7FD1B1AD7F9D50073441E /* imageBtn */ = {
			isa = PBXGroup;
			children = (
				C47216531AD84628005EF629 /* BtnNarrar.png */,
				C47216441AD831D3005EF629 /* Narrar-02.png */,
				54DD27E01AE4951400C15530 /* Narrar.png */,
				C4C7FD201AD816DC0073441E /* btnPassarEsq.png */,
				C426D40D1AD72A4500F9B4E9 /* btnPassar.png */,
				C4C7FD1E1AD7FAED0073441E /* Gravar.png */,
				C426D40E1AD72A4500F9B4E9 /* Home.png */,
				C426D40F1AD72A4500F9B4E9 /* Pausar.png */,
				C426D4101AD72A4500F9B4E9 /* Play.png */,
				C426D4111AD72A4500F9B4E9 /* Stop.png */,
			);
			name = imageBtn;
			sourceTree = "<group>";
		};
/* End PBXGroup section */

/* Begin PBXNativeTarget section */
		C4C5F6351AD042B300226F61 /* POCGravacao */ = {
			isa = PBXNativeTarget;
			buildConfigurationList = C4C5F6561AD042B400226F61 /* Build configuration list for PBXNativeTarget "POCGravacao" */;
			buildPhases = (
				C4C5F6321AD042B300226F61 /* Sources */,
				C4C5F6331AD042B300226F61 /* Frameworks */,
				C4C5F6341AD042B300226F61 /* Resources */,
			);
			buildRules = (
			);
			dependencies = (
			);
			name = POCGravacao;
			productName = POCGravacao;
			productReference = C4C5F6361AD042B300226F61 /* POCGravacao.app */;
			productType = "com.apple.product-type.application";
		};
		C4C5F64B1AD042B400226F61 /* POCGravacaoTests */ = {
			isa = PBXNativeTarget;
			buildConfigurationList = C4C5F6591AD042B400226F61 /* Build configuration list for PBXNativeTarget "POCGravacaoTests" */;
			buildPhases = (
				C4C5F6481AD042B400226F61 /* Sources */,
				C4C5F6491AD042B400226F61 /* Frameworks */,
				C4C5F64A1AD042B400226F61 /* Resources */,
			);
			buildRules = (
			);
			dependencies = (
				C4C5F64E1AD042B400226F61 /* PBXTargetDependency */,
			);
			name = POCGravacaoTests;
			productName = POCGravacaoTests;
			productReference = C4C5F64C1AD042B400226F61 /* POCGravacaoTests.xctest */;
			productType = "com.apple.product-type.bundle.unit-test";
		};
/* End PBXNativeTarget section */

/* Begin PBXProject section */
		C4C5F62E1AD042B300226F61 /* Project object */ = {
			isa = PBXProject;
			attributes = {
				LastUpgradeCheck = 0630;
				ORGANIZATIONNAME = "Anderson José da Silva";
				TargetAttributes = {
					C4C5F6351AD042B300226F61 = {
						CreatedOnToolsVersion = 6.2;
						DevelopmentTeam = 4TM3YLSYM4;
					};
					C4C5F64B1AD042B400226F61 = {
						CreatedOnToolsVersion = 6.2;
						TestTargetID = C4C5F6351AD042B300226F61;
					};
				};
			};
			buildConfigurationList = C4C5F6311AD042B300226F61 /* Build configuration list for PBXProject "POCGravacao" */;
			compatibilityVersion = "Xcode 3.2";
			developmentRegion = English;
			hasScannedForEncodings = 0;
			knownRegions = (
				en,
				Base,
			);
			mainGroup = C4C5F62D1AD042B300226F61;
			productRefGroup = C4C5F6371AD042B300226F61 /* Products */;
			projectDirPath = "";
			projectRoot = "";
			targets = (
				C4C5F6351AD042B300226F61 /* POCGravacao */,
				C4C5F64B1AD042B400226F61 /* POCGravacaoTests */,
			);
		};
/* End PBXProject section */

/* Begin PBXResourcesBuildPhase section */
		C4C5F6341AD042B300226F61 /* Resources */ = {
			isa = PBXResourcesBuildPhase;
			buildActionMask = 2147483647;
			files = (
				54A2EF1F1AE4569200648E72 /* shelfBottom.png in Resources */,
				C4C7FD211AD816DC0073441E /* btnPassarEsq.png in Resources */,
				C4C7FD3C1AD82CF90073441E /* Book3pqPage12.png in Resources */,
				C4C7FD321AD82CF90073441E /* Book3pqPage2.png in Resources */,
				C4C5F6471AD042B300226F61 /* LaunchScreen.xib in Resources */,
				C426D4121AD72A4500F9B4E9 /* btnPassar.png in Resources */,
				C47395761AE43665006C9AFA /* cor6.png in Resources */,
				C47395791AE43665006C9AFA /* cor9.png in Resources */,
				C47395831AE45F50006C9AFA /* page.mp3 in Resources */,
				C4C7FD371AD82CF90073441E /* Book3pqPage7.png in Resources */,
				C47395741AE43665006C9AFA /* cor4.png in Resources */,
				54BB84361AE3207C003A53F4 /* 3pqTXT.txt in Resources */,
				C47395701AE43665006C9AFA /* cor0.png in Resources */,
				C4C7FD1F1AD7FAED0073441E /* Gravar.png in Resources */,
				54A2EF1E1AE4569200648E72 /* shelfMiddle.png in Resources */,
				54DD27E11AE4951400C15530 /* Narrar.png in Resources */,
				C47216541AD84628005EF629 /* 3pqCover.png in Resources */,
				C41285FE1AE4AE53000D323E /* Narrar-02.png in Resources */,
				C47395841AE45F50006C9AFA /* pageProx.mp3 in Resources */,
				C41285FB1AE4AE53000D323E /* cor1.png in Resources */,
				C41285FD1AE4AE53000D323E /* cor5.png in Resources */,
				C41285FC1AE4AE53000D323E /* cor11.png in Resources */,
				C47395781AE43665006C9AFA /* cor8.png in Resources */,
				545DA4571AD46BFC008A5247 /* BookViewController.xib in Resources */,
				C47216511AD8431F005EF629 /* LogoEraUmaVezUmDesenho.png in Resources */,
				C4C7FD3D1AD82CF90073441E /* Book3pqPage13.png in Resources */,
				C47395721AE43665006C9AFA /* cor2.png in Resources */,
				C426D4131AD72A4500F9B4E9 /* Home.png in Resources */,
				C47395771AE43665006C9AFA /* cor7.png in Resources */,
				C4C7FD391AD82CF90073441E /* Book3pqPage9.png in Resources */,
				C47395811AE45F50006C9AFA /* clickButton.mp3 in Resources */,
				C426D4151AD72A4500F9B4E9 /* Play.png in Resources */,
				54BB84341AE308AB003A53F4 /* Images.xcassets in Resources */,
				54A2EF1D1AE4569200648E72 /* shelfTop.png in Resources */,
				C4C7FD351AD82CF90073441E /* Book3pqPage5.png in Resources */,
				C4C7FD311AD82CF90073441E /* Book3pqPage1.png in Resources */,
				C426D4161AD72A4500F9B4E9 /* Stop.png in Resources */,
				C472164F1AD83C45005EF629 /* MenuViewController.xib in Resources */,
				C47395731AE43665006C9AFA /* cor3.png in Resources */,
				5494F8B11AE357AD00B58D57 /* CardenioModernBold.ttf in Resources */,
				C47216551AD84628005EF629 /* BtnNarrar.png in Resources */,
				C4C7FD341AD82CF90073441E /* Book3pqPage4.png in Resources */,
				C4C7FD3A1AD82CF90073441E /* Book3pqPage10.png in Resources */,
				C47216571AD84854005EF629 /* Fundo.png in Resources */,
				C4C7FD301AD82CF90073441E /* Book3pqPage0.png in Resources */,
				C47395821AE45F50006C9AFA /* home.mp3 in Resources */,
				C426D4141AD72A4500F9B4E9 /* Pausar.png in Resources */,
				C4C7FD361AD82CF90073441E /* Book3pqPage6.png in Resources */,
				C4C7FD381AD82CF90073441E /* Book3pqPage8.png in Resources */,
				54DA0C911AD31A1200FA848D /* PageViewController.xib in Resources */,
				54BB84381AE32E4F003A53F4 /* lolTXT.txt in Resources */,
				C4C7FD3B1AD82CF90073441E /* Book3pqPage11.png in Resources */,
				C473957A1AE43665006C9AFA /* cor10.png in Resources */,
				C4C7FD331AD82CF90073441E /* Book3pqPage3.png in Resources */,
			);
			runOnlyForDeploymentPostprocessing = 0;
		};
		C4C5F64A1AD042B400226F61 /* Resources */ = {
			isa = PBXResourcesBuildPhase;
			buildActionMask = 2147483647;
			files = (
			);
			runOnlyForDeploymentPostprocessing = 0;
		};
/* End PBXResourcesBuildPhase section */

/* Begin PBXSourcesBuildPhase section */
		C4C5F6321AD042B300226F61 /* Sources */ = {
			isa = PBXSourcesBuildPhase;
			buildActionMask = 2147483647;
			files = (
				545DA4561AD46BFC008A5247 /* BookViewController.m in Sources */,
				547E19E81AE0219600E0F755 /* BookShelf.m in Sources */,
				C472164E1AD83C45005EF629 /* MenuViewController.m in Sources */,
				C4C5F63F1AD042B300226F61 /* AppDelegate.m in Sources */,
				C4C5F6421AD042B300226F61 /* POCGravacao.xcdatamodeld in Sources */,
				C46316061AD0729800695BA1 /* EntradaUsuario.m in Sources */,
				54DA0C901AD31A1200FA848D /* PageViewController.m in Sources */,
				C4C5F63C1AD042B300226F61 /* main.m in Sources */,
			);
			runOnlyForDeploymentPostprocessing = 0;
		};
		C4C5F6481AD042B400226F61 /* Sources */ = {
			isa = PBXSourcesBuildPhase;
			buildActionMask = 2147483647;
			files = (
				C4C5F6531AD042B400226F61 /* POCGravacaoTests.m in Sources */,
			);
			runOnlyForDeploymentPostprocessing = 0;
		};
/* End PBXSourcesBuildPhase section */

/* Begin PBXTargetDependency section */
		C4C5F64E1AD042B400226F61 /* PBXTargetDependency */ = {
			isa = PBXTargetDependency;
			target = C4C5F6351AD042B300226F61 /* POCGravacao */;
			targetProxy = C4C5F64D1AD042B400226F61 /* PBXContainerItemProxy */;
		};
/* End PBXTargetDependency section */

/* Begin PBXVariantGroup section */
		C4C5F6451AD042B300226F61 /* LaunchScreen.xib */ = {
			isa = PBXVariantGroup;
			children = (
				C4C5F6461AD042B300226F61 /* Base */,
			);
			name = LaunchScreen.xib;
			sourceTree = "<group>";
		};
/* End PBXVariantGroup section */

/* Begin XCBuildConfiguration section */
		C4C5F6541AD042B400226F61 /* Debug */ = {
			isa = XCBuildConfiguration;
			buildSettings = {
				ALWAYS_SEARCH_USER_PATHS = NO;
				CLANG_CXX_LANGUAGE_STANDARD = "gnu++0x";
				CLANG_CXX_LIBRARY = "libc++";
				CLANG_ENABLE_MODULES = YES;
				CLANG_ENABLE_OBJC_ARC = YES;
				CLANG_WARN_BOOL_CONVERSION = YES;
				CLANG_WARN_CONSTANT_CONVERSION = YES;
				CLANG_WARN_DIRECT_OBJC_ISA_USAGE = YES_ERROR;
				CLANG_WARN_EMPTY_BODY = YES;
				CLANG_WARN_ENUM_CONVERSION = YES;
				CLANG_WARN_INT_CONVERSION = YES;
				CLANG_WARN_OBJC_ROOT_CLASS = YES_ERROR;
				CLANG_WARN_UNREACHABLE_CODE = YES;
				CLANG_WARN__DUPLICATE_METHOD_MATCH = YES;
				"CODE_SIGN_IDENTITY[sdk=iphoneos*]" = "iPhone Developer";
				COPY_PHASE_STRIP = NO;
				ENABLE_STRICT_OBJC_MSGSEND = YES;
				GCC_C_LANGUAGE_STANDARD = gnu99;
				GCC_DYNAMIC_NO_PIC = NO;
				GCC_OPTIMIZATION_LEVEL = 0;
				GCC_PREPROCESSOR_DEFINITIONS = (
					"DEBUG=1",
					"$(inherited)",
				);
				GCC_SYMBOLS_PRIVATE_EXTERN = NO;
				GCC_WARN_64_TO_32_BIT_CONVERSION = YES;
				GCC_WARN_ABOUT_RETURN_TYPE = YES_ERROR;
				GCC_WARN_UNDECLARED_SELECTOR = YES;
				GCC_WARN_UNINITIALIZED_AUTOS = YES_AGGRESSIVE;
				GCC_WARN_UNUSED_FUNCTION = YES;
				GCC_WARN_UNUSED_VARIABLE = YES;
				IPHONEOS_DEPLOYMENT_TARGET = 8.2;
				MTL_ENABLE_DEBUG_INFO = YES;
				ONLY_ACTIVE_ARCH = YES;
				SDKROOT = iphoneos;
			};
			name = Debug;
		};
		C4C5F6551AD042B400226F61 /* Release */ = {
			isa = XCBuildConfiguration;
			buildSettings = {
				ALWAYS_SEARCH_USER_PATHS = NO;
				CLANG_CXX_LANGUAGE_STANDARD = "gnu++0x";
				CLANG_CXX_LIBRARY = "libc++";
				CLANG_ENABLE_MODULES = YES;
				CLANG_ENABLE_OBJC_ARC = YES;
				CLANG_WARN_BOOL_CONVERSION = YES;
				CLANG_WARN_CONSTANT_CONVERSION = YES;
				CLANG_WARN_DIRECT_OBJC_ISA_USAGE = YES_ERROR;
				CLANG_WARN_EMPTY_BODY = YES;
				CLANG_WARN_ENUM_CONVERSION = YES;
				CLANG_WARN_INT_CONVERSION = YES;
				CLANG_WARN_OBJC_ROOT_CLASS = YES_ERROR;
				CLANG_WARN_UNREACHABLE_CODE = YES;
				CLANG_WARN__DUPLICATE_METHOD_MATCH = YES;
				"CODE_SIGN_IDENTITY[sdk=iphoneos*]" = "iPhone Developer";
				COPY_PHASE_STRIP = NO;
				ENABLE_NS_ASSERTIONS = NO;
				ENABLE_STRICT_OBJC_MSGSEND = YES;
				GCC_C_LANGUAGE_STANDARD = gnu99;
				GCC_WARN_64_TO_32_BIT_CONVERSION = YES;
				GCC_WARN_ABOUT_RETURN_TYPE = YES_ERROR;
				GCC_WARN_UNDECLARED_SELECTOR = YES;
				GCC_WARN_UNINITIALIZED_AUTOS = YES_AGGRESSIVE;
				GCC_WARN_UNUSED_FUNCTION = YES;
				GCC_WARN_UNUSED_VARIABLE = YES;
				IPHONEOS_DEPLOYMENT_TARGET = 8.2;
				MTL_ENABLE_DEBUG_INFO = NO;
				SDKROOT = iphoneos;
				VALIDATE_PRODUCT = YES;
			};
			name = Release;
		};
		C4C5F6571AD042B400226F61 /* Debug */ = {
			isa = XCBuildConfiguration;
			buildSettings = {
				ASSETCATALOG_COMPILER_APPICON_NAME = AppIcon;
				ASSETCATALOG_COMPILER_LAUNCHIMAGE_NAME = LaunchImage;
				CODE_SIGN_IDENTITY = "iPhone Developer";
				"CODE_SIGN_IDENTITY[sdk=iphoneos*]" = "iPhone Developer";
				INFOPLIST_FILE = POCGravacao/Info.plist;
				IPHONEOS_DEPLOYMENT_TARGET = 8.3;
				LD_RUNPATH_SEARCH_PATHS = "$(inherited) @executable_path/Frameworks";
				PRODUCT_NAME = "$(TARGET_NAME)";
				PROVISIONING_PROFILE = "";
				TARGETED_DEVICE_FAMILY = 2;
			};
			name = Debug;
		};
		C4C5F6581AD042B400226F61 /* Release */ = {
			isa = XCBuildConfiguration;
			buildSettings = {
				ASSETCATALOG_COMPILER_APPICON_NAME = AppIcon;
				ASSETCATALOG_COMPILER_LAUNCHIMAGE_NAME = LaunchImage;
				CODE_SIGN_IDENTITY = "iPhone Developer";
				"CODE_SIGN_IDENTITY[sdk=iphoneos*]" = "iPhone Developer";
				INFOPLIST_FILE = POCGravacao/Info.plist;
				IPHONEOS_DEPLOYMENT_TARGET = 8.3;
				LD_RUNPATH_SEARCH_PATHS = "$(inherited) @executable_path/Frameworks";
				PRODUCT_NAME = "$(TARGET_NAME)";
				PROVISIONING_PROFILE = "";
				TARGETED_DEVICE_FAMILY = 2;
			};
			name = Release;
		};
		C4C5F65A1AD042B400226F61 /* Debug */ = {
			isa = XCBuildConfiguration;
			buildSettings = {
				BUNDLE_LOADER = "$(TEST_HOST)";
				FRAMEWORK_SEARCH_PATHS = (
					"$(SDKROOT)/Developer/Library/Frameworks",
					"$(inherited)",
				);
				GCC_PREPROCESSOR_DEFINITIONS = (
					"DEBUG=1",
					"$(inherited)",
				);
				INFOPLIST_FILE = POCGravacaoTests/Info.plist;
				LD_RUNPATH_SEARCH_PATHS = "$(inherited) @executable_path/Frameworks @loader_path/Frameworks";
				PRODUCT_NAME = "$(TARGET_NAME)";
				TEST_HOST = "$(BUILT_PRODUCTS_DIR)/POCGravacao.app/POCGravacao";
			};
			name = Debug;
		};
		C4C5F65B1AD042B400226F61 /* Release */ = {
			isa = XCBuildConfiguration;
			buildSettings = {
				BUNDLE_LOADER = "$(TEST_HOST)";
				FRAMEWORK_SEARCH_PATHS = (
					"$(SDKROOT)/Developer/Library/Frameworks",
					"$(inherited)",
				);
				INFOPLIST_FILE = POCGravacaoTests/Info.plist;
				LD_RUNPATH_SEARCH_PATHS = "$(inherited) @executable_path/Frameworks @loader_path/Frameworks";
				PRODUCT_NAME = "$(TARGET_NAME)";
				TEST_HOST = "$(BUILT_PRODUCTS_DIR)/POCGravacao.app/POCGravacao";
			};
			name = Release;
		};
/* End XCBuildConfiguration section */

/* Begin XCConfigurationList section */
		C4C5F6311AD042B300226F61 /* Build configuration list for PBXProject "POCGravacao" */ = {
			isa = XCConfigurationList;
			buildConfigurations = (
				C4C5F6541AD042B400226F61 /* Debug */,
				C4C5F6551AD042B400226F61 /* Release */,
			);
			defaultConfigurationIsVisible = 0;
			defaultConfigurationName = Release;
		};
		C4C5F6561AD042B400226F61 /* Build configuration list for PBXNativeTarget "POCGravacao" */ = {
			isa = XCConfigurationList;
			buildConfigurations = (
				C4C5F6571AD042B400226F61 /* Debug */,
				C4C5F6581AD042B400226F61 /* Release */,
			);
			defaultConfigurationIsVisible = 0;
			defaultConfigurationName = Release;
		};
		C4C5F6591AD042B400226F61 /* Build configuration list for PBXNativeTarget "POCGravacaoTests" */ = {
			isa = XCConfigurationList;
			buildConfigurations = (
				C4C5F65A1AD042B400226F61 /* Debug */,
				C4C5F65B1AD042B400226F61 /* Release */,
			);
			defaultConfigurationIsVisible = 0;
			defaultConfigurationName = Release;
		};
/* End XCConfigurationList section */

/* Begin XCVersionGroup section */
		C4C5F6401AD042B300226F61 /* POCGravacao.xcdatamodeld */ = {
			isa = XCVersionGroup;
			children = (
				C4C5F6411AD042B300226F61 /* POCGravacao.xcdatamodel */,
			);
			currentVersion = C4C5F6411AD042B300226F61 /* POCGravacao.xcdatamodel */;
			path = POCGravacao.xcdatamodeld;
			sourceTree = "<group>";
			versionGroupType = wrapper.xcdatamodel;
		};
/* End XCVersionGroup section */
	};
	rootObject = C4C5F62E1AD042B300226F61 /* Project object */;
}
