// !$*UTF8*$!
{
	archiveVersion = 1;
	classes = {
	};
	objectVersion = 46;
	objects = {

/* Begin PBXBuildFile section */
		545DA4561AD46BFC008A5247 /* BookViewController.m in Sources */ = {isa = PBXBuildFile; fileRef = 545DA4541AD46BFC008A5247 /* BookViewController.m */; };
		545DA4571AD46BFC008A5247 /* BookViewController.xib in Resources */ = {isa = PBXBuildFile; fileRef = 545DA4551AD46BFC008A5247 /* BookViewController.xib */; };
		547E19E81AE0219600E0F755 /* BookShelf.m in Sources */ = {isa = PBXBuildFile; fileRef = 547E19E71AE0219600E0F755 /* BookShelf.m */; };
		5494F8B11AE357AD00B58D57 /* CardenioModernBold.ttf in Resources */ = {isa = PBXBuildFile; fileRef = 5494F8B01AE357AD00B58D57 /* CardenioModernBold.ttf */; };
		549BBB601AE80E510091359B /* SchuboiseHandwrite.ttf in Resources */ = {isa = PBXBuildFile; fileRef = 549BBB5F1AE80E510091359B /* SchuboiseHandwrite.ttf */; };
		549BBB641AE8206E0091359B /* SettingsViewController.m in Sources */ = {isa = PBXBuildFile; fileRef = 549BBB621AE8206E0091359B /* SettingsViewController.m */; };
		549BBB651AE8206E0091359B /* SettingsViewController.xib in Resources */ = {isa = PBXBuildFile; fileRef = 549BBB631AE8206E0091359B /* SettingsViewController.xib */; };
		54A2EF1D1AE4569200648E72 /* shelfTop.png in Resources */ = {isa = PBXBuildFile; fileRef = 54A2EF1A1AE4569200648E72 /* shelfTop.png */; };
		54A2EF1E1AE4569200648E72 /* shelfMiddle.png in Resources */ = {isa = PBXBuildFile; fileRef = 54A2EF1B1AE4569200648E72 /* shelfMiddle.png */; };
		54A2EF1F1AE4569200648E72 /* shelfBottom.png in Resources */ = {isa = PBXBuildFile; fileRef = 54A2EF1C1AE4569200648E72 /* shelfBottom.png */; };
		54BB84341AE308AB003A53F4 /* Images.xcassets in Resources */ = {isa = PBXBuildFile; fileRef = 54BB84331AE308AB003A53F4 /* Images.xcassets */; };
		54BB84361AE3207C003A53F4 /* 3pqTXT.txt in Resources */ = {isa = PBXBuildFile; fileRef = 54BB84351AE3207C003A53F4 /* 3pqTXT.txt */; };
		54BB84381AE32E4F003A53F4 /* redhoodTXT.txt in Resources */ = {isa = PBXBuildFile; fileRef = 54BB84371AE32E4F003A53F4 /* redhoodTXT.txt */; };
		54C33C071AE96D6F009BB220 /* Log.txt in Resources */ = {isa = PBXBuildFile; fileRef = 54C33C061AE96D6F009BB220 /* Log.txt */; };
		54C33C091AE96D92009BB220 /* HelpText.txt in Resources */ = {isa = PBXBuildFile; fileRef = 54C33C081AE96D92009BB220 /* HelpText.txt */; };
		54C33C0D1AE99924009BB220 /* btnHelp.png in Resources */ = {isa = PBXBuildFile; fileRef = 54C33C0C1AE99924009BB220 /* btnHelp.png */; };
		54DA0C901AD31A1200FA848D /* PageViewController.m in Sources */ = {isa = PBXBuildFile; fileRef = 54DA0C8E1AD31A1200FA848D /* PageViewController.m */; };
		54DA0C911AD31A1200FA848D /* PageViewController.xib in Resources */ = {isa = PBXBuildFile; fileRef = 54DA0C8F1AD31A1200FA848D /* PageViewController.xib */; };
		54DA3E521AEAB78100ADD394 /* X-01.png in Resources */ = {isa = PBXBuildFile; fileRef = 54DA3E511AEAB78100ADD394 /* X-01.png */; };
		54DA3E561AEAB9A100ADD394 /* redhoodCover.png in Resources */ = {isa = PBXBuildFile; fileRef = 54DA3E531AEAB9A100ADD394 /* redhoodCover.png */; };
		54DA3E571AEAB9A100ADD394 /* joaoemariaCover.png in Resources */ = {isa = PBXBuildFile; fileRef = 54DA3E541AEAB9A100ADD394 /* joaoemariaCover.png */; };
		54DA3E581AEAB9A100ADD394 /* 3pqCover.png in Resources */ = {isa = PBXBuildFile; fileRef = 54DA3E551AEAB9A100ADD394 /* 3pqCover.png */; };
		54DA3E5A1AEABA3000ADD394 /* joaoemariaTXT.txt in Resources */ = {isa = PBXBuildFile; fileRef = 54DA3E591AEABA3000ADD394 /* joaoemariaTXT.txt */; };
		54DA3E5C1AEACC1600ADD394 /* BtnComeçar.png in Resources */ = {isa = PBXBuildFile; fileRef = 54DA3E5B1AEACC1600ADD394 /* BtnComeçar.png */; };
		54DA3E601AEADC3F00ADD394 /* espessura0.png in Resources */ = {isa = PBXBuildFile; fileRef = 54DA3E5D1AEADC3F00ADD394 /* espessura0.png */; };
		54DA3E611AEADC3F00ADD394 /* espessura1.png in Resources */ = {isa = PBXBuildFile; fileRef = 54DA3E5E1AEADC3F00ADD394 /* espessura1.png */; };
		54DA3E621AEADC3F00ADD394 /* espessura2.png in Resources */ = {isa = PBXBuildFile; fileRef = 54DA3E5F1AEADC3F00ADD394 /* espessura2.png */; };
		54DD04381AE4B56D00169C26 /* MODELO.txt in Resources */ = {isa = PBXBuildFile; fileRef = 54DD04371AE4B56D00169C26 /* MODELO.txt */; };
		54DD27E11AE4951400C15530 /* Narrar.png in Resources */ = {isa = PBXBuildFile; fileRef = 54DD27E01AE4951400C15530 /* Narrar.png */; };
		C426D4121AD72A4500F9B4E9 /* btnPassar.png in Resources */ = {isa = PBXBuildFile; fileRef = C426D40D1AD72A4500F9B4E9 /* btnPassar.png */; };
		C426D4131AD72A4500F9B4E9 /* Home.png in Resources */ = {isa = PBXBuildFile; fileRef = C426D40E1AD72A4500F9B4E9 /* Home.png */; };
		C426D4141AD72A4500F9B4E9 /* Pausar.png in Resources */ = {isa = PBXBuildFile; fileRef = C426D40F1AD72A4500F9B4E9 /* Pausar.png */; };
		C426D4151AD72A4500F9B4E9 /* Play.png in Resources */ = {isa = PBXBuildFile; fileRef = C426D4101AD72A4500F9B4E9 /* Play.png */; };
		C426D4161AD72A4500F9B4E9 /* Stop.png in Resources */ = {isa = PBXBuildFile; fileRef = C426D4111AD72A4500F9B4E9 /* Stop.png */; };
		C46316061AD0729800695BA1 /* EntradaUsuario.m in Sources */ = {isa = PBXBuildFile; fileRef = C46316051AD0729800695BA1 /* EntradaUsuario.m */; };
		C471EAFE1AEBEA9200763069 /* clickLapisEspessura.mp3 in Resources */ = {isa = PBXBuildFile; fileRef = C471EAFD1AEBEA9200763069 /* clickLapisEspessura.mp3 */; };
		C472164E1AD83C45005EF629 /* MenuViewController.m in Sources */ = {isa = PBXBuildFile; fileRef = C472164C1AD83C44005EF629 /* MenuViewController.m */; };
		C472164F1AD83C45005EF629 /* MenuViewController.xib in Resources */ = {isa = PBXBuildFile; fileRef = C472164D1AD83C44005EF629 /* MenuViewController.xib */; };
		C47216511AD8431F005EF629 /* LogoEraUmaVezUmDesenho.png in Resources */ = {isa = PBXBuildFile; fileRef = C47216501AD8431F005EF629 /* LogoEraUmaVezUmDesenho.png */; };
		C47216551AD84628005EF629 /* BtnNarrar.png in Resources */ = {isa = PBXBuildFile; fileRef = C47216531AD84628005EF629 /* BtnNarrar.png */; };
		C47216571AD84854005EF629 /* Fundo.png in Resources */ = {isa = PBXBuildFile; fileRef = C47216561AD84854005EF629 /* Fundo.png */; };
		C47395811AE45F50006C9AFA /* clickButton.mp3 in Resources */ = {isa = PBXBuildFile; fileRef = C473957D1AE45F50006C9AFA /* clickButton.mp3 */; };
		C47395821AE45F50006C9AFA /* home.mp3 in Resources */ = {isa = PBXBuildFile; fileRef = C473957E1AE45F50006C9AFA /* home.mp3 */; };
		C47395831AE45F50006C9AFA /* page.mp3 in Resources */ = {isa = PBXBuildFile; fileRef = C473957F1AE45F50006C9AFA /* page.mp3 */; };
		C47395841AE45F50006C9AFA /* pageProx.mp3 in Resources */ = {isa = PBXBuildFile; fileRef = C47395801AE45F50006C9AFA /* pageProx.mp3 */; };
		C47A67A01AEAA34A00A9A62D /* Sounds.m in Sources */ = {isa = PBXBuildFile; fileRef = C47A679F1AEAA34A00A9A62D /* Sounds.m */; };
		C47A67A31AEAA37A00A9A62D /* caixaLapis.mp3 in Resources */ = {isa = PBXBuildFile; fileRef = C47A67A11AEAA37A00A9A62D /* caixaLapis.mp3 */; };
		C47A67A41AEAA37A00A9A62D /* finalizar.mp3 in Resources */ = {isa = PBXBuildFile; fileRef = C47A67A21AEAA37A00A9A62D /* finalizar.mp3 */; };
		C4C5F63C1AD042B300226F61 /* main.m in Sources */ = {isa = PBXBuildFile; fileRef = C4C5F63B1AD042B300226F61 /* main.m */; };
		C4C5F63F1AD042B300226F61 /* AppDelegate.m in Sources */ = {isa = PBXBuildFile; fileRef = C4C5F63E1AD042B300226F61 /* AppDelegate.m */; };
		C4C5F6421AD042B300226F61 /* POCGravacao.xcdatamodeld in Sources */ = {isa = PBXBuildFile; fileRef = C4C5F6401AD042B300226F61 /* POCGravacao.xcdatamodeld */; };
		C4C5F6471AD042B300226F61 /* LaunchScreen.xib in Resources */ = {isa = PBXBuildFile; fileRef = C4C5F6451AD042B300226F61 /* LaunchScreen.xib */; };
		C4C5F6531AD042B400226F61 /* POCGravacaoTests.m in Sources */ = {isa = PBXBuildFile; fileRef = C4C5F6521AD042B400226F61 /* POCGravacaoTests.m */; };
		C4C5F6751AD0508700226F61 /* AVFoundation.framework in Frameworks */ = {isa = PBXBuildFile; fileRef = C4C5F6741AD0508700226F61 /* AVFoundation.framework */; };
		C4C7FD1F1AD7FAED0073441E /* Gravar.png in Resources */ = {isa = PBXBuildFile; fileRef = C4C7FD1E1AD7FAED0073441E /* Gravar.png */; };
		C4C7FD211AD816DC0073441E /* btnPassarEsq.png in Resources */ = {isa = PBXBuildFile; fileRef = C4C7FD201AD816DC0073441E /* btnPassarEsq.png */; };
		C4C7FD301AD82CF90073441E /* Book3pqPage0.png in Resources */ = {isa = PBXBuildFile; fileRef = C4C7FD221AD82CF90073441E /* Book3pqPage0.png */; };
		C4C7FD311AD82CF90073441E /* Book3pqPage1.png in Resources */ = {isa = PBXBuildFile; fileRef = C4C7FD231AD82CF90073441E /* Book3pqPage1.png */; };
		C4C7FD321AD82CF90073441E /* Book3pqPage2.png in Resources */ = {isa = PBXBuildFile; fileRef = C4C7FD241AD82CF90073441E /* Book3pqPage2.png */; };
		C4C7FD331AD82CF90073441E /* Book3pqPage3.png in Resources */ = {isa = PBXBuildFile; fileRef = C4C7FD251AD82CF90073441E /* Book3pqPage3.png */; };
		C4C7FD341AD82CF90073441E /* Book3pqPage4.png in Resources */ = {isa = PBXBuildFile; fileRef = C4C7FD261AD82CF90073441E /* Book3pqPage4.png */; };
		C4C7FD351AD82CF90073441E /* Book3pqPage5.png in Resources */ = {isa = PBXBuildFile; fileRef = C4C7FD271AD82CF90073441E /* Book3pqPage5.png */; };
		C4C7FD361AD82CF90073441E /* Book3pqPage6.png in Resources */ = {isa = PBXBuildFile; fileRef = C4C7FD281AD82CF90073441E /* Book3pqPage6.png */; };
		C4C7FD371AD82CF90073441E /* Book3pqPage7.png in Resources */ = {isa = PBXBuildFile; fileRef = C4C7FD291AD82CF90073441E /* Book3pqPage7.png */; };
		C4C7FD381AD82CF90073441E /* Book3pqPage8.png in Resources */ = {isa = PBXBuildFile; fileRef = C4C7FD2A1AD82CF90073441E /* Book3pqPage8.png */; };
		C4C7FD391AD82CF90073441E /* Book3pqPage9.png in Resources */ = {isa = PBXBuildFile; fileRef = C4C7FD2B1AD82CF90073441E /* Book3pqPage9.png */; };
		C4C7FD3A1AD82CF90073441E /* Book3pqPage10.png in Resources */ = {isa = PBXBuildFile; fileRef = C4C7FD2C1AD82CF90073441E /* Book3pqPage10.png */; };
		C4C7FD3B1AD82CF90073441E /* Book3pqPage11.png in Resources */ = {isa = PBXBuildFile; fileRef = C4C7FD2D1AD82CF90073441E /* Book3pqPage11.png */; };
		C4C7FD3C1AD82CF90073441E /* Book3pqPage12.png in Resources */ = {isa = PBXBuildFile; fileRef = C4C7FD2E1AD82CF90073441E /* Book3pqPage12.png */; };
		C4C7FD3D1AD82CF90073441E /* Book3pqPage13.png in Resources */ = {isa = PBXBuildFile; fileRef = C4C7FD2F1AD82CF90073441E /* Book3pqPage13.png */; };
		C4D5B76E1AEAAC5300775169 /* c0.png in Resources */ = {isa = PBXBuildFile; fileRef = C4D5B7621AEAAC5300775169 /* c0.png */; };
		C4D5B76F1AEAAC5300775169 /* c1.png in Resources */ = {isa = PBXBuildFile; fileRef = C4D5B7631AEAAC5300775169 /* c1.png */; };
		C4D5B7701AEAAC5300775169 /* c10.png in Resources */ = {isa = PBXBuildFile; fileRef = C4D5B7641AEAAC5300775169 /* c10.png */; };
		C4D5B7711AEAAC5300775169 /* c11.png in Resources */ = {isa = PBXBuildFile; fileRef = C4D5B7651AEAAC5300775169 /* c11.png */; };
		C4D5B7721AEAAC5300775169 /* c2.png in Resources */ = {isa = PBXBuildFile; fileRef = C4D5B7661AEAAC5300775169 /* c2.png */; };
		C4D5B7731AEAAC5300775169 /* c3.png in Resources */ = {isa = PBXBuildFile; fileRef = C4D5B7671AEAAC5300775169 /* c3.png */; };
		C4D5B7741AEAAC5300775169 /* c4.png in Resources */ = {isa = PBXBuildFile; fileRef = C4D5B7681AEAAC5300775169 /* c4.png */; };
		C4D5B7751AEAAC5300775169 /* c5.png in Resources */ = {isa = PBXBuildFile; fileRef = C4D5B7691AEAAC5300775169 /* c5.png */; };
		C4D5B7761AEAAC5300775169 /* c6.png in Resources */ = {isa = PBXBuildFile; fileRef = C4D5B76A1AEAAC5300775169 /* c6.png */; };
		C4D5B7771AEAAC5300775169 /* c7.png in Resources */ = {isa = PBXBuildFile; fileRef = C4D5B76B1AEAAC5300775169 /* c7.png */; };
		C4D5B7781AEAAC5300775169 /* c8.png in Resources */ = {isa = PBXBuildFile; fileRef = C4D5B76C1AEAAC5300775169 /* c8.png */; };
		C4D5B7791AEAAC5300775169 /* c9.png in Resources */ = {isa = PBXBuildFile; fileRef = C4D5B76D1AEAAC5300775169 /* c9.png */; };
		C4D5B77B1AEAACA800775169 /* Iconelapis.png in Resources */ = {isa = PBXBuildFile; fileRef = C4D5B77A1AEAACA800775169 /* Iconelapis.png */; };
		C4D5B7841AEAB28000775169 /* Btnfinalizar.png in Resources */ = {isa = PBXBuildFile; fileRef = C4D5B77C1AEAB28000775169 /* Btnfinalizar.png */; };
		C4D5B7851AEAB28000775169 /* BtnPausar01.png in Resources */ = {isa = PBXBuildFile; fileRef = C4D5B77D1AEAB28000775169 /* BtnPausar01.png */; };
		C4D5B7861AEAB28000775169 /* GravarLegenda.png in Resources */ = {isa = PBXBuildFile; fileRef = C4D5B77E1AEAB28000775169 /* GravarLegenda.png */; };
		C4D5B7871AEAB28000775169 /* LegendaIniciar.png in Resources */ = {isa = PBXBuildFile; fileRef = C4D5B77F1AEAB28000775169 /* LegendaIniciar.png */; };
		C4D5B7881AEAB28000775169 /* LegendaPausar.png in Resources */ = {isa = PBXBuildFile; fileRef = C4D5B7801AEAB28000775169 /* LegendaPausar.png */; };
		C4D5B78A1AEAB28000775169 /* Narrar01.png in Resources */ = {isa = PBXBuildFile; fileRef = C4D5B7821AEAB28000775169 /* Narrar01.png */; };
		C4D5B78B1AEAB28000775169 /* PararLegenda.png in Resources */ = {isa = PBXBuildFile; fileRef = C4D5B7831AEAB28000775169 /* PararLegenda.png */; };
		C4D5B78E1AEAB43C00775169 /* Check-01.png in Resources */ = {isa = PBXBuildFile; fileRef = C4D5B78C1AEAB43C00775169 /* Check-01.png */; };
		C4D5B78F1AEAB43C00775169 /* FeedbackFinalizar.png in Resources */ = {isa = PBXBuildFile; fileRef = C4D5B78D1AEAB43C00775169 /* FeedbackFinalizar.png */; };
/* End PBXBuildFile section */

/* Begin PBXContainerItemProxy section */
		C4C5F64D1AD042B400226F61 /* PBXContainerItemProxy */ = {
			isa = PBXContainerItemProxy;
			containerPortal = C4C5F62E1AD042B300226F61 /* Project object */;
			proxyType = 1;
			remoteGlobalIDString = C4C5F6351AD042B300226F61;
			remoteInfo = POCGravacao;
		};
/* End PBXContainerItemProxy section */

/* Begin PBXFileReference section */
		545DA4531AD46BFC008A5247 /* BookViewController.h */ = {isa = PBXFileReference; fileEncoding = 4; lastKnownFileType = sourcecode.c.h; path = BookViewController.h; sourceTree = "<group>"; };
		545DA4541AD46BFC008A5247 /* BookViewController.m */ = {isa = PBXFileReference; fileEncoding = 4; lastKnownFileType = sourcecode.c.objc; path = BookViewController.m; sourceTree = "<group>"; };
		545DA4551AD46BFC008A5247 /* BookViewController.xib */ = {isa = PBXFileReference; fileEncoding = 4; lastKnownFileType = file.xib; path = BookViewController.xib; sourceTree = "<group>"; };
		547E19E61AE0219600E0F755 /* BookShelf.h */ = {isa = PBXFileReference; fileEncoding = 4; lastKnownFileType = sourcecode.c.h; path = BookShelf.h; sourceTree = "<group>"; };
		547E19E71AE0219600E0F755 /* BookShelf.m */ = {isa = PBXFileReference; fileEncoding = 4; lastKnownFileType = sourcecode.c.objc; path = BookShelf.m; sourceTree = "<group>"; };
		5494F8B01AE357AD00B58D57 /* CardenioModernBold.ttf */ = {isa = PBXFileReference; lastKnownFileType = file; path = CardenioModernBold.ttf; sourceTree = "<group>"; };
		549BBB5F1AE80E510091359B /* SchuboiseHandwrite.ttf */ = {isa = PBXFileReference; lastKnownFileType = file; path = SchuboiseHandwrite.ttf; sourceTree = "<group>"; };
		549BBB611AE8206E0091359B /* SettingsViewController.h */ = {isa = PBXFileReference; fileEncoding = 4; lastKnownFileType = sourcecode.c.h; path = SettingsViewController.h; sourceTree = "<group>"; };
		549BBB621AE8206E0091359B /* SettingsViewController.m */ = {isa = PBXFileReference; fileEncoding = 4; lastKnownFileType = sourcecode.c.objc; path = SettingsViewController.m; sourceTree = "<group>"; };
		549BBB631AE8206E0091359B /* SettingsViewController.xib */ = {isa = PBXFileReference; fileEncoding = 4; lastKnownFileType = file.xib; path = SettingsViewController.xib; sourceTree = "<group>"; };
		54A2EF1A1AE4569200648E72 /* shelfTop.png */ = {isa = PBXFileReference; lastKnownFileType = image.png; path = shelfTop.png; sourceTree = "<group>"; };
		54A2EF1B1AE4569200648E72 /* shelfMiddle.png */ = {isa = PBXFileReference; lastKnownFileType = image.png; path = shelfMiddle.png; sourceTree = "<group>"; };
		54A2EF1C1AE4569200648E72 /* shelfBottom.png */ = {isa = PBXFileReference; lastKnownFileType = image.png; path = shelfBottom.png; sourceTree = "<group>"; };
		54BB84331AE308AB003A53F4 /* Images.xcassets */ = {isa = PBXFileReference; lastKnownFileType = folder.assetcatalog; path = Images.xcassets; sourceTree = "<group>"; };
		54BB84351AE3207C003A53F4 /* 3pqTXT.txt */ = {isa = PBXFileReference; fileEncoding = 4; lastKnownFileType = text; path = 3pqTXT.txt; sourceTree = "<group>"; };
		54BB84371AE32E4F003A53F4 /* redhoodTXT.txt */ = {isa = PBXFileReference; fileEncoding = 4; lastKnownFileType = text; path = redhoodTXT.txt; sourceTree = "<group>"; };
		54C33C061AE96D6F009BB220 /* Log.txt */ = {isa = PBXFileReference; fileEncoding = 4; lastKnownFileType = text; path = Log.txt; sourceTree = "<group>"; };
		54C33C081AE96D92009BB220 /* HelpText.txt */ = {isa = PBXFileReference; fileEncoding = 4; lastKnownFileType = text; path = HelpText.txt; sourceTree = "<group>"; };
		54C33C0C1AE99924009BB220 /* btnHelp.png */ = {isa = PBXFileReference; lastKnownFileType = image.png; path = btnHelp.png; sourceTree = "<group>"; };
		54DA0C8D1AD31A1200FA848D /* PageViewController.h */ = {isa = PBXFileReference; fileEncoding = 4; lastKnownFileType = sourcecode.c.h; path = PageViewController.h; sourceTree = "<group>"; };
		54DA0C8E1AD31A1200FA848D /* PageViewController.m */ = {isa = PBXFileReference; fileEncoding = 4; lastKnownFileType = sourcecode.c.objc; path = PageViewController.m; sourceTree = "<group>"; };
		54DA0C8F1AD31A1200FA848D /* PageViewController.xib */ = {isa = PBXFileReference; fileEncoding = 4; lastKnownFileType = file.xib; path = PageViewController.xib; sourceTree = "<group>"; };
		54DA3E511AEAB78100ADD394 /* X-01.png */ = {isa = PBXFileReference; lastKnownFileType = image.png; path = "X-01.png"; sourceTree = "<group>"; };
		54DA3E531AEAB9A100ADD394 /* redhoodCover.png */ = {isa = PBXFileReference; lastKnownFileType = image.png; path = redhoodCover.png; sourceTree = "<group>"; };
		54DA3E541AEAB9A100ADD394 /* joaoemariaCover.png */ = {isa = PBXFileReference; lastKnownFileType = image.png; path = joaoemariaCover.png; sourceTree = "<group>"; };
		54DA3E551AEAB9A100ADD394 /* 3pqCover.png */ = {isa = PBXFileReference; lastKnownFileType = image.png; path = 3pqCover.png; sourceTree = "<group>"; };
		54DA3E591AEABA3000ADD394 /* joaoemariaTXT.txt */ = {isa = PBXFileReference; fileEncoding = 4; lastKnownFileType = text; path = joaoemariaTXT.txt; sourceTree = "<group>"; };
		54DA3E5B1AEACC1600ADD394 /* BtnComeçar.png */ = {isa = PBXFileReference; lastKnownFileType = image.png; path = "BtnComeçar.png"; sourceTree = "<group>"; };
		54DA3E5D1AEADC3F00ADD394 /* espessura0.png */ = {isa = PBXFileReference; lastKnownFileType = image.png; path = espessura0.png; sourceTree = "<group>"; };
		54DA3E5E1AEADC3F00ADD394 /* espessura1.png */ = {isa = PBXFileReference; lastKnownFileType = image.png; path = espessura1.png; sourceTree = "<group>"; };
		54DA3E5F1AEADC3F00ADD394 /* espessura2.png */ = {isa = PBXFileReference; lastKnownFileType = image.png; path = espessura2.png; sourceTree = "<group>"; };
		54DD04371AE4B56D00169C26 /* MODELO.txt */ = {isa = PBXFileReference; fileEncoding = 4; lastKnownFileType = text; path = MODELO.txt; sourceTree = "<group>"; };
		54DD27E01AE4951400C15530 /* Narrar.png */ = {isa = PBXFileReference; lastKnownFileType = image.png; path = Narrar.png; sourceTree = "<group>"; };
		C426D40D1AD72A4500F9B4E9 /* btnPassar.png */ = {isa = PBXFileReference; lastKnownFileType = image.png; path = btnPassar.png; sourceTree = "<group>"; };
		C426D40E1AD72A4500F9B4E9 /* Home.png */ = {isa = PBXFileReference; lastKnownFileType = image.png; path = Home.png; sourceTree = "<group>"; };
		C426D40F1AD72A4500F9B4E9 /* Pausar.png */ = {isa = PBXFileReference; lastKnownFileType = image.png; path = Pausar.png; sourceTree = "<group>"; };
		C426D4101AD72A4500F9B4E9 /* Play.png */ = {isa = PBXFileReference; lastKnownFileType = image.png; path = Play.png; sourceTree = "<group>"; };
		C426D4111AD72A4500F9B4E9 /* Stop.png */ = {isa = PBXFileReference; lastKnownFileType = image.png; path = Stop.png; sourceTree = "<group>"; };
		C46316041AD0729800695BA1 /* EntradaUsuario.h */ = {isa = PBXFileReference; fileEncoding = 4; lastKnownFileType = sourcecode.c.h; path = EntradaUsuario.h; sourceTree = "<group>"; };
		C46316051AD0729800695BA1 /* EntradaUsuario.m */ = {isa = PBXFileReference; fileEncoding = 4; lastKnownFileType = sourcecode.c.objc; path = EntradaUsuario.m; sourceTree = "<group>"; };
		C471EAFD1AEBEA9200763069 /* clickLapisEspessura.mp3 */ = {isa = PBXFileReference; lastKnownFileType = audio.mp3; name = clickLapisEspessura.mp3; path = sons/clickLapisEspessura.mp3; sourceTree = "<group>"; };
		C472164B1AD83C44005EF629 /* MenuViewController.h */ = {isa = PBXFileReference; fileEncoding = 4; lastKnownFileType = sourcecode.c.h; path = MenuViewController.h; sourceTree = "<group>"; };
		C472164C1AD83C44005EF629 /* MenuViewController.m */ = {isa = PBXFileReference; fileEncoding = 4; lastKnownFileType = sourcecode.c.objc; path = MenuViewController.m; sourceTree = "<group>"; };
		C472164D1AD83C44005EF629 /* MenuViewController.xib */ = {isa = PBXFileReference; fileEncoding = 4; lastKnownFileType = file.xib; path = MenuViewController.xib; sourceTree = "<group>"; };
		C47216501AD8431F005EF629 /* LogoEraUmaVezUmDesenho.png */ = {isa = PBXFileReference; lastKnownFileType = image.png; path = LogoEraUmaVezUmDesenho.png; sourceTree = "<group>"; };
		C47216531AD84628005EF629 /* BtnNarrar.png */ = {isa = PBXFileReference; lastKnownFileType = image.png; path = BtnNarrar.png; sourceTree = "<group>"; };
		C47216561AD84854005EF629 /* Fundo.png */ = {isa = PBXFileReference; lastKnownFileType = image.png; path = Fundo.png; sourceTree = "<group>"; };
		C473957D1AE45F50006C9AFA /* clickButton.mp3 */ = {isa = PBXFileReference; lastKnownFileType = audio.mp3; name = clickButton.mp3; path = sons/clickButton.mp3; sourceTree = "<group>"; };
		C473957E1AE45F50006C9AFA /* home.mp3 */ = {isa = PBXFileReference; lastKnownFileType = audio.mp3; name = home.mp3; path = sons/home.mp3; sourceTree = "<group>"; };
		C473957F1AE45F50006C9AFA /* page.mp3 */ = {isa = PBXFileReference; lastKnownFileType = audio.mp3; name = page.mp3; path = sons/page.mp3; sourceTree = "<group>"; };
		C47395801AE45F50006C9AFA /* pageProx.mp3 */ = {isa = PBXFileReference; lastKnownFileType = audio.mp3; name = pageProx.mp3; path = sons/pageProx.mp3; sourceTree = "<group>"; };
		C47A679E1AEAA34A00A9A62D /* Sounds.h */ = {isa = PBXFileReference; fileEncoding = 4; lastKnownFileType = sourcecode.c.h; name = Sounds.h; path = ../Sounds.h; sourceTree = "<group>"; };
		C47A679F1AEAA34A00A9A62D /* Sounds.m */ = {isa = PBXFileReference; fileEncoding = 4; lastKnownFileType = sourcecode.c.objc; name = Sounds.m; path = ../Sounds.m; sourceTree = "<group>"; };
		C47A67A11AEAA37A00A9A62D /* caixaLapis.mp3 */ = {isa = PBXFileReference; lastKnownFileType = audio.mp3; name = caixaLapis.mp3; path = sons/caixaLapis.mp3; sourceTree = "<group>"; };
		C47A67A21AEAA37A00A9A62D /* finalizar.mp3 */ = {isa = PBXFileReference; lastKnownFileType = audio.mp3; name = finalizar.mp3; path = sons/finalizar.mp3; sourceTree = "<group>"; };
		C4C5F6361AD042B300226F61 /* POCGravacao.app */ = {isa = PBXFileReference; explicitFileType = wrapper.application; includeInIndex = 0; path = POCGravacao.app; sourceTree = BUILT_PRODUCTS_DIR; };
		C4C5F63A1AD042B300226F61 /* Info.plist */ = {isa = PBXFileReference; lastKnownFileType = text.plist.xml; path = Info.plist; sourceTree = "<group>"; };
		C4C5F63B1AD042B300226F61 /* main.m */ = {isa = PBXFileReference; lastKnownFileType = sourcecode.c.objc; path = main.m; sourceTree = "<group>"; };
		C4C5F63D1AD042B300226F61 /* AppDelegate.h */ = {isa = PBXFileReference; lastKnownFileType = sourcecode.c.h; path = AppDelegate.h; sourceTree = "<group>"; };
		C4C5F63E1AD042B300226F61 /* AppDelegate.m */ = {isa = PBXFileReference; lastKnownFileType = sourcecode.c.objc; path = AppDelegate.m; sourceTree = "<group>"; };
		C4C5F6411AD042B300226F61 /* POCGravacao.xcdatamodel */ = {isa = PBXFileReference; lastKnownFileType = wrapper.xcdatamodel; path = POCGravacao.xcdatamodel; sourceTree = "<group>"; };
		C4C5F6461AD042B300226F61 /* Base */ = {isa = PBXFileReference; lastKnownFileType = file.xib; name = Base; path = Base.lproj/LaunchScreen.xib; sourceTree = "<group>"; };
		C4C5F64C1AD042B400226F61 /* POCGravacaoTests.xctest */ = {isa = PBXFileReference; explicitFileType = wrapper.cfbundle; includeInIndex = 0; path = POCGravacaoTests.xctest; sourceTree = BUILT_PRODUCTS_DIR; };
		C4C5F6511AD042B400226F61 /* Info.plist */ = {isa = PBXFileReference; lastKnownFileType = text.plist.xml; path = Info.plist; sourceTree = "<group>"; };
		C4C5F6521AD042B400226F61 /* POCGravacaoTests.m */ = {isa = PBXFileReference; lastKnownFileType = sourcecode.c.objc; path = POCGravacaoTests.m; sourceTree = "<group>"; };
		C4C5F6741AD0508700226F61 /* AVFoundation.framework */ = {isa = PBXFileReference; lastKnownFileType = wrapper.framework; name = AVFoundation.framework; path = System/Library/Frameworks/AVFoundation.framework; sourceTree = SDKROOT; };
		C4C7FD1E1AD7FAED0073441E /* Gravar.png */ = {isa = PBXFileReference; lastKnownFileType = image.png; path = Gravar.png; sourceTree = "<group>"; };
		C4C7FD201AD816DC0073441E /* btnPassarEsq.png */ = {isa = PBXFileReference; lastKnownFileType = image.png; path = btnPassarEsq.png; sourceTree = "<group>"; };
		C4C7FD221AD82CF90073441E /* Book3pqPage0.png */ = {isa = PBXFileReference; lastKnownFileType = image.png; path = Book3pqPage0.png; sourceTree = "<group>"; };
		C4C7FD231AD82CF90073441E /* Book3pqPage1.png */ = {isa = PBXFileReference; lastKnownFileType = image.png; path = Book3pqPage1.png; sourceTree = "<group>"; };
		C4C7FD241AD82CF90073441E /* Book3pqPage2.png */ = {isa = PBXFileReference; lastKnownFileType = image.png; path = Book3pqPage2.png; sourceTree = "<group>"; };
		C4C7FD251AD82CF90073441E /* Book3pqPage3.png */ = {isa = PBXFileReference; lastKnownFileType = image.png; path = Book3pqPage3.png; sourceTree = "<group>"; };
		C4C7FD261AD82CF90073441E /* Book3pqPage4.png */ = {isa = PBXFileReference; lastKnownFileType = image.png; path = Book3pqPage4.png; sourceTree = "<group>"; };
		C4C7FD271AD82CF90073441E /* Book3pqPage5.png */ = {isa = PBXFileReference; lastKnownFileType = image.png; path = Book3pqPage5.png; sourceTree = "<group>"; };
		C4C7FD281AD82CF90073441E /* Book3pqPage6.png */ = {isa = PBXFileReference; lastKnownFileType = image.png; path = Book3pqPage6.png; sourceTree = "<group>"; };
		C4C7FD291AD82CF90073441E /* Book3pqPage7.png */ = {isa = PBXFileReference; lastKnownFileType = image.png; path = Book3pqPage7.png; sourceTree = "<group>"; };
		C4C7FD2A1AD82CF90073441E /* Book3pqPage8.png */ = {isa = PBXFileReference; lastKnownFileType = image.png; path = Book3pqPage8.png; sourceTree = "<group>"; };
		C4C7FD2B1AD82CF90073441E /* Book3pqPage9.png */ = {isa = PBXFileReference; lastKnownFileType = image.png; path = Book3pqPage9.png; sourceTree = "<group>"; };
		C4C7FD2C1AD82CF90073441E /* Book3pqPage10.png */ = {isa = PBXFileReference; lastKnownFileType = image.png; path = Book3pqPage10.png; sourceTree = "<group>"; };
		C4C7FD2D1AD82CF90073441E /* Book3pqPage11.png */ = {isa = PBXFileReference; lastKnownFileType = image.png; path = Book3pqPage11.png; sourceTree = "<group>"; };
		C4C7FD2E1AD82CF90073441E /* Book3pqPage12.png */ = {isa = PBXFileReference; lastKnownFileType = image.png; path = Book3pqPage12.png; sourceTree = "<group>"; };
		C4C7FD2F1AD82CF90073441E /* Book3pqPage13.png */ = {isa = PBXFileReference; lastKnownFileType = image.png; path = Book3pqPage13.png; sourceTree = "<group>"; };
		C4D5B7621AEAAC5300775169 /* c0.png */ = {isa = PBXFileReference; lastKnownFileType = image.png; path = c0.png; sourceTree = "<group>"; };
		C4D5B7631AEAAC5300775169 /* c1.png */ = {isa = PBXFileReference; lastKnownFileType = image.png; path = c1.png; sourceTree = "<group>"; };
		C4D5B7641AEAAC5300775169 /* c10.png */ = {isa = PBXFileReference; lastKnownFileType = image.png; path = c10.png; sourceTree = "<group>"; };
		C4D5B7651AEAAC5300775169 /* c11.png */ = {isa = PBXFileReference; lastKnownFileType = image.png; path = c11.png; sourceTree = "<group>"; };
		C4D5B7661AEAAC5300775169 /* c2.png */ = {isa = PBXFileReference; lastKnownFileType = image.png; path = c2.png; sourceTree = "<group>"; };
		C4D5B7671AEAAC5300775169 /* c3.png */ = {isa = PBXFileReference; lastKnownFileType = image.png; path = c3.png; sourceTree = "<group>"; };
		C4D5B7681AEAAC5300775169 /* c4.png */ = {isa = PBXFileReference; lastKnownFileType = image.png; path = c4.png; sourceTree = "<group>"; };
		C4D5B7691AEAAC5300775169 /* c5.png */ = {isa = PBXFileReference; lastKnownFileType = image.png; path = c5.png; sourceTree = "<group>"; };
		C4D5B76A1AEAAC5300775169 /* c6.png */ = {isa = PBXFileReference; lastKnownFileType = image.png; path = c6.png; sourceTree = "<group>"; };
		C4D5B76B1AEAAC5300775169 /* c7.png */ = {isa = PBXFileReference; lastKnownFileType = image.png; path = c7.png; sourceTree = "<group>"; };
		C4D5B76C1AEAAC5300775169 /* c8.png */ = {isa = PBXFileReference; lastKnownFileType = image.png; path = c8.png; sourceTree = "<group>"; };
		C4D5B76D1AEAAC5300775169 /* c9.png */ = {isa = PBXFileReference; lastKnownFileType = image.png; path = c9.png; sourceTree = "<group>"; };
		C4D5B77A1AEAACA800775169 /* Iconelapis.png */ = {isa = PBXFileReference; lastKnownFileType = image.png; path = Iconelapis.png; sourceTree = "<group>"; };
		C4D5B77C1AEAB28000775169 /* Btnfinalizar.png */ = {isa = PBXFileReference; lastKnownFileType = image.png; path = Btnfinalizar.png; sourceTree = "<group>"; };
		C4D5B77D1AEAB28000775169 /* BtnPausar01.png */ = {isa = PBXFileReference; lastKnownFileType = image.png; path = BtnPausar01.png; sourceTree = "<group>"; };
		C4D5B77E1AEAB28000775169 /* GravarLegenda.png */ = {isa = PBXFileReference; lastKnownFileType = image.png; path = GravarLegenda.png; sourceTree = "<group>"; };
		C4D5B77F1AEAB28000775169 /* LegendaIniciar.png */ = {isa = PBXFileReference; lastKnownFileType = image.png; path = LegendaIniciar.png; sourceTree = "<group>"; };
		C4D5B7801AEAB28000775169 /* LegendaPausar.png */ = {isa = PBXFileReference; lastKnownFileType = image.png; path = LegendaPausar.png; sourceTree = "<group>"; };
		C4D5B7821AEAB28000775169 /* Narrar01.png */ = {isa = PBXFileReference; lastKnownFileType = image.png; path = Narrar01.png; sourceTree = "<group>"; };
		C4D5B7831AEAB28000775169 /* PararLegenda.png */ = {isa = PBXFileReference; lastKnownFileType = image.png; path = PararLegenda.png; sourceTree = "<group>"; };
		C4D5B78C1AEAB43C00775169 /* Check-01.png */ = {isa = PBXFileReference; lastKnownFileType = image.png; path = "Check-01.png"; sourceTree = "<group>"; };
		C4D5B78D1AEAB43C00775169 /* FeedbackFinalizar.png */ = {isa = PBXFileReference; lastKnownFileType = image.png; path = FeedbackFinalizar.png; sourceTree = "<group>"; };
/* End PBXFileReference section */

/* Begin PBXFrameworksBuildPhase section */
		C4C5F6331AD042B300226F61 /* Frameworks */ = {
			isa = PBXFrameworksBuildPhase;
			buildActionMask = 2147483647;
			files = (
				C4C5F6751AD0508700226F61 /* AVFoundation.framework in Frameworks */,
			);
			runOnlyForDeploymentPostprocessing = 0;
		};
		C4C5F6491AD042B400226F61 /* Frameworks */ = {
			isa = PBXFrameworksBuildPhase;
			buildActionMask = 2147483647;
			files = (
			);
			runOnlyForDeploymentPostprocessing = 0;
		};
/* End PBXFrameworksBuildPhase section */

/* Begin PBXGroup section */
		5443FE7A1AD59E1400E7EBD6 /* Book3PQ */ = {
			isa = PBXGroup;
			children = (
				C47216561AD84854005EF629 /* Fundo.png */,
				54DA3E531AEAB9A100ADD394 /* redhoodCover.png */,
				54DA3E541AEAB9A100ADD394 /* joaoemariaCover.png */,
				54DA3E551AEAB9A100ADD394 /* 3pqCover.png */,
				C47216501AD8431F005EF629 /* LogoEraUmaVezUmDesenho.png */,
				C4C7FD221AD82CF90073441E /* Book3pqPage0.png */,
				C4C7FD231AD82CF90073441E /* Book3pqPage1.png */,
				C4C7FD241AD82CF90073441E /* Book3pqPage2.png */,
				C4C7FD251AD82CF90073441E /* Book3pqPage3.png */,
				C4C7FD261AD82CF90073441E /* Book3pqPage4.png */,
				C4C7FD271AD82CF90073441E /* Book3pqPage5.png */,
				C4C7FD281AD82CF90073441E /* Book3pqPage6.png */,
				C4C7FD291AD82CF90073441E /* Book3pqPage7.png */,
				C4C7FD2A1AD82CF90073441E /* Book3pqPage8.png */,
				C4C7FD2B1AD82CF90073441E /* Book3pqPage9.png */,
				C4C7FD2C1AD82CF90073441E /* Book3pqPage10.png */,
				C4C7FD2D1AD82CF90073441E /* Book3pqPage11.png */,
				C4C7FD2E1AD82CF90073441E /* Book3pqPage12.png */,
				C4C7FD2F1AD82CF90073441E /* Book3pqPage13.png */,
				54DD04371AE4B56D00169C26 /* MODELO.txt */,
				54BB84351AE3207C003A53F4 /* 3pqTXT.txt */,
				54DA3E591AEABA3000ADD394 /* joaoemariaTXT.txt */,
				54BB84371AE32E4F003A53F4 /* redhoodTXT.txt */,
			);
			name = Book3PQ;
			sourceTree = "<group>";
		};
		5494F8B21AE357C800B58D57 /* Fonts */ = {
			isa = PBXGroup;
			children = (
				5494F8B01AE357AD00B58D57 /* CardenioModernBold.ttf */,
				549BBB5F1AE80E510091359B /* SchuboiseHandwrite.ttf */,
			);
			name = Fonts;
			sourceTree = "<group>";
		};
		549BBB661AE820790091359B /* Settings */ = {
			isa = PBXGroup;
			children = (
				549BBB611AE8206E0091359B /* SettingsViewController.h */,
				549BBB621AE8206E0091359B /* SettingsViewController.m */,
				549BBB631AE8206E0091359B /* SettingsViewController.xib */,
				54C33C061AE96D6F009BB220 /* Log.txt */,
				54C33C081AE96D92009BB220 /* HelpText.txt */,
			);
			name = Settings;
			sourceTree = "<group>";
		};
		C422BD5D1AD6C92B004F7E87 /* PagesHistoria */ = {
			isa = PBXGroup;
			children = (
				54DA0C8D1AD31A1200FA848D /* PageViewController.h */,
				54DA0C8E1AD31A1200FA848D /* PageViewController.m */,
				54DA0C8F1AD31A1200FA848D /* PageViewController.xib */,
			);
			name = PagesHistoria;
			sourceTree = "<group>";
		};
		C471EAFF1AEBF7C500763069 /* allSounds */ = {
			isa = PBXGroup;
			children = (
				C47395631AE430F7006C9AFA /* sons */,
				C47A679E1AEAA34A00A9A62D /* Sounds.h */,
				C47A679F1AEAA34A00A9A62D /* Sounds.m */,
			);
			name = allSounds;
			sourceTree = "<group>";
		};
		C47216581AD857BB005EF629 /* MenuInicial */ = {
			isa = PBXGroup;
			children = (
				54A2EF1A1AE4569200648E72 /* shelfTop.png */,
				54A2EF1B1AE4569200648E72 /* shelfMiddle.png */,
				54A2EF1C1AE4569200648E72 /* shelfBottom.png */,
				C472164B1AD83C44005EF629 /* MenuViewController.h */,
				C472164C1AD83C44005EF629 /* MenuViewController.m */,
				C472164D1AD83C44005EF629 /* MenuViewController.xib */,
				547E19E61AE0219600E0F755 /* BookShelf.h */,
				547E19E71AE0219600E0F755 /* BookShelf.m */,
				549BBB661AE820790091359B /* Settings */,
			);
			name = MenuInicial;
			sourceTree = "<group>";
		};
		C47216591AD857DA005EF629 /* ControleUsuario */ = {
			isa = PBXGroup;
			children = (
				C46316041AD0729800695BA1 /* EntradaUsuario.h */,
				C46316051AD0729800695BA1 /* EntradaUsuario.m */,
			);
			name = ControleUsuario;
			sourceTree = "<group>";
		};
		C47395631AE430F7006C9AFA /* sons */ = {
			isa = PBXGroup;
			children = (
				C471EAFD1AEBEA9200763069 /* clickLapisEspessura.mp3 */,
				C47A67A11AEAA37A00A9A62D /* caixaLapis.mp3 */,
				C47A67A21AEAA37A00A9A62D /* finalizar.mp3 */,
				C473957D1AE45F50006C9AFA /* clickButton.mp3 */,
				C473957E1AE45F50006C9AFA /* home.mp3 */,
				C473957F1AE45F50006C9AFA /* page.mp3 */,
				C47395801AE45F50006C9AFA /* pageProx.mp3 */,
			);
			name = sons;
			sourceTree = "<group>";
		};
		C473957C1AE4366E006C9AFA /* btnLapisCor */ = {
			isa = PBXGroup;
			children = (
				54DA3E5D1AEADC3F00ADD394 /* espessura0.png */,
				54DA3E5E1AEADC3F00ADD394 /* espessura1.png */,
				54DA3E5F1AEADC3F00ADD394 /* espessura2.png */,
				C4D5B77A1AEAACA800775169 /* Iconelapis.png */,
				C4D5B7611AEAAC5300775169 /* lapis_novo */,
			);
			name = btnLapisCor;
			sourceTree = "<group>";
		};
		C4C5F62D1AD042B300226F61 = {
			isa = PBXGroup;
			children = (
				C4C5F6741AD0508700226F61 /* AVFoundation.framework */,
				C4C5F6381AD042B300226F61 /* POCGravacao */,
				C4C5F64F1AD042B400226F61 /* POCGravacaoTests */,
				C4C5F6371AD042B300226F61 /* Products */,
			);
			sourceTree = "<group>";
		};
		C4C5F6371AD042B300226F61 /* Products */ = {
			isa = PBXGroup;
			children = (
				C4C5F6361AD042B300226F61 /* POCGravacao.app */,
				C4C5F64C1AD042B400226F61 /* POCGravacaoTests.xctest */,
			);
			name = Products;
			sourceTree = "<group>";
		};
		C4C5F6381AD042B300226F61 /* POCGravacao */ = {
			isa = PBXGroup;
			children = (
				C471EAFF1AEBF7C500763069 /* allSounds */,
				C473957C1AE4366E006C9AFA /* btnLapisCor */,
				C4C7FD1B1AD7F9D50073441E /* imageBtn */,
				5443FE7A1AD59E1400E7EBD6 /* Book3PQ */,
				C47216581AD857BB005EF629 /* MenuInicial */,
				C422BD5D1AD6C92B004F7E87 /* PagesHistoria */,
				C4C5F6731AD043A000226F61 /* BookHistoria */,
				C47216591AD857DA005EF629 /* ControleUsuario */,
				5494F8B21AE357C800B58D57 /* Fonts */,
				C4C5F63D1AD042B300226F61 /* AppDelegate.h */,
				C4C5F63E1AD042B300226F61 /* AppDelegate.m */,
				C4C5F6451AD042B300226F61 /* LaunchScreen.xib */,
				C4C5F6401AD042B300226F61 /* POCGravacao.xcdatamodeld */,
				54BB84331AE308AB003A53F4 /* Images.xcassets */,
				C4C5F6391AD042B300226F61 /* Supporting Files */,
			);
			path = POCGravacao;
			sourceTree = "<group>";
		};
		C4C5F6391AD042B300226F61 /* Supporting Files */ = {
			isa = PBXGroup;
			children = (
				C4C5F63A1AD042B300226F61 /* Info.plist */,
				C4C5F63B1AD042B300226F61 /* main.m */,
			);
			name = "Supporting Files";
			sourceTree = "<group>";
		};
		C4C5F64F1AD042B400226F61 /* POCGravacaoTests */ = {
			isa = PBXGroup;
			children = (
				C4C5F6521AD042B400226F61 /* POCGravacaoTests.m */,
				C4C5F6501AD042B400226F61 /* Supporting Files */,
			);
			path = POCGravacaoTests;
			sourceTree = "<group>";
		};
		C4C5F6501AD042B400226F61 /* Supporting Files */ = {
			isa = PBXGroup;
			children = (
				C4C5F6511AD042B400226F61 /* Info.plist */,
			);
			name = "Supporting Files";
			sourceTree = "<group>";
		};
		C4C5F6731AD043A000226F61 /* BookHistoria */ = {
			isa = PBXGroup;
			children = (
				545DA4531AD46BFC008A5247 /* BookViewController.h */,
				545DA4541AD46BFC008A5247 /* BookViewController.m */,
				545DA4551AD46BFC008A5247 /* BookViewController.xib */,
			);
			name = BookHistoria;
			sourceTree = "<group>";
		};
		C4C7FD1B1AD7F9D50073441E /* imageBtn */ = {
			isa = PBXGroup;
			children = (
				C4D5B78C1AEAB43C00775169 /* Check-01.png */,
				54DA3E5B1AEACC1600ADD394 /* BtnComeçar.png */,
				54DA3E511AEAB78100ADD394 /* X-01.png */,
				C4D5B78D1AEAB43C00775169 /* FeedbackFinalizar.png */,
				C4D5B77C1AEAB28000775169 /* Btnfinalizar.png */,
				C4D5B77D1AEAB28000775169 /* BtnPausar01.png */,
				C4D5B77E1AEAB28000775169 /* GravarLegenda.png */,
				C4D5B77F1AEAB28000775169 /* LegendaIniciar.png */,
				C4D5B7801AEAB28000775169 /* LegendaPausar.png */,
				C4D5B7821AEAB28000775169 /* Narrar01.png */,
				C4D5B7831AEAB28000775169 /* PararLegenda.png */,
				C47216531AD84628005EF629 /* BtnNarrar.png */,
				54C33C0C1AE99924009BB220 /* btnHelp.png */,
				54DD27E01AE4951400C15530 /* Narrar.png */,
				C4C7FD201AD816DC0073441E /* btnPassarEsq.png */,
				C426D40D1AD72A4500F9B4E9 /* btnPassar.png */,
				C4C7FD1E1AD7FAED0073441E /* Gravar.png */,
				C426D40E1AD72A4500F9B4E9 /* Home.png */,
				C426D40F1AD72A4500F9B4E9 /* Pausar.png */,
				C426D4101AD72A4500F9B4E9 /* Play.png */,
				C426D4111AD72A4500F9B4E9 /* Stop.png */,
			);
			name = imageBtn;
			sourceTree = "<group>";
		};
		C4D5B7611AEAAC5300775169 /* lapis_novo */ = {
			isa = PBXGroup;
			children = (
				C4D5B7621AEAAC5300775169 /* c0.png */,
				C4D5B7631AEAAC5300775169 /* c1.png */,
				C4D5B7641AEAAC5300775169 /* c10.png */,
				C4D5B7651AEAAC5300775169 /* c11.png */,
				C4D5B7661AEAAC5300775169 /* c2.png */,
				C4D5B7671AEAAC5300775169 /* c3.png */,
				C4D5B7681AEAAC5300775169 /* c4.png */,
				C4D5B7691AEAAC5300775169 /* c5.png */,
				C4D5B76A1AEAAC5300775169 /* c6.png */,
				C4D5B76B1AEAAC5300775169 /* c7.png */,
				C4D5B76C1AEAAC5300775169 /* c8.png */,
				C4D5B76D1AEAAC5300775169 /* c9.png */,
			);
			path = lapis_novo;
			sourceTree = "<group>";
		};
/* End PBXGroup section */

/* Begin PBXNativeTarget section */
		C4C5F6351AD042B300226F61 /* POCGravacao */ = {
			isa = PBXNativeTarget;
			buildConfigurationList = C4C5F6561AD042B400226F61 /* Build configuration list for PBXNativeTarget "POCGravacao" */;
			buildPhases = (
				C4C5F6321AD042B300226F61 /* Sources */,
				C4C5F6331AD042B300226F61 /* Frameworks */,
				C4C5F6341AD042B300226F61 /* Resources */,
			);
			buildRules = (
			);
			dependencies = (
			);
			name = POCGravacao;
			productName = POCGravacao;
			productReference = C4C5F6361AD042B300226F61 /* POCGravacao.app */;
			productType = "com.apple.product-type.application";
		};
		C4C5F64B1AD042B400226F61 /* POCGravacaoTests */ = {
			isa = PBXNativeTarget;
			buildConfigurationList = C4C5F6591AD042B400226F61 /* Build configuration list for PBXNativeTarget "POCGravacaoTests" */;
			buildPhases = (
				C4C5F6481AD042B400226F61 /* Sources */,
				C4C5F6491AD042B400226F61 /* Frameworks */,
				C4C5F64A1AD042B400226F61 /* Resources */,
			);
			buildRules = (
			);
			dependencies = (
				C4C5F64E1AD042B400226F61 /* PBXTargetDependency */,
			);
			name = POCGravacaoTests;
			productName = POCGravacaoTests;
			productReference = C4C5F64C1AD042B400226F61 /* POCGravacaoTests.xctest */;
			productType = "com.apple.product-type.bundle.unit-test";
		};
/* End PBXNativeTarget section */

/* Begin PBXProject section */
		C4C5F62E1AD042B300226F61 /* Project object */ = {
			isa = PBXProject;
			attributes = {
				LastUpgradeCheck = 0630;
				ORGANIZATIONNAME = "Anderson José da Silva";
				TargetAttributes = {
					C4C5F6351AD042B300226F61 = {
						CreatedOnToolsVersion = 6.2;
						DevelopmentTeam = 4TM3YLSYM4;
					};
					C4C5F64B1AD042B400226F61 = {
						CreatedOnToolsVersion = 6.2;
						TestTargetID = C4C5F6351AD042B300226F61;
					};
				};
			};
			buildConfigurationList = C4C5F6311AD042B300226F61 /* Build configuration list for PBXProject "POCGravacao" */;
			compatibilityVersion = "Xcode 3.2";
			developmentRegion = English;
			hasScannedForEncodings = 0;
			knownRegions = (
				en,
				Base,
			);
			mainGroup = C4C5F62D1AD042B300226F61;
			productRefGroup = C4C5F6371AD042B300226F61 /* Products */;
			projectDirPath = "";
			projectRoot = "";
			targets = (
				C4C5F6351AD042B300226F61 /* POCGravacao */,
				C4C5F64B1AD042B400226F61 /* POCGravacaoTests */,
			);
		};
/* End PBXProject section */

/* Begin PBXResourcesBuildPhase section */
		C4C5F6341AD042B300226F61 /* Resources */ = {
			isa = PBXResourcesBuildPhase;
			buildActionMask = 2147483647;
			files = (
				C4D5B7731AEAAC5300775169 /* c3.png in Resources */,
				C4D5B7841AEAB28000775169 /* Btnfinalizar.png in Resources */,
				54A2EF1F1AE4569200648E72 /* shelfBottom.png in Resources */,
				C4C7FD211AD816DC0073441E /* btnPassarEsq.png in Resources */,
				C4C7FD3C1AD82CF90073441E /* Book3pqPage12.png in Resources */,
				C4C7FD321AD82CF90073441E /* Book3pqPage2.png in Resources */,
				C4C5F6471AD042B300226F61 /* LaunchScreen.xib in Resources */,
				C426D4121AD72A4500F9B4E9 /* btnPassar.png in Resources */,
				C4D5B78A1AEAB28000775169 /* Narrar01.png in Resources */,
				C4D5B7881AEAB28000775169 /* LegendaPausar.png in Resources */,
				C47395831AE45F50006C9AFA /* page.mp3 in Resources */,
				C4C7FD371AD82CF90073441E /* Book3pqPage7.png in Resources */,
				54DA3E561AEAB9A100ADD394 /* redhoodCover.png in Resources */,
				54BB84361AE3207C003A53F4 /* 3pqTXT.txt in Resources */,
				C4D5B7751AEAAC5300775169 /* c5.png in Resources */,
				54DA3E601AEADC3F00ADD394 /* espessura0.png in Resources */,
				549BBB651AE8206E0091359B /* SettingsViewController.xib in Resources */,
				C4D5B7721AEAAC5300775169 /* c2.png in Resources */,
				C4C7FD1F1AD7FAED0073441E /* Gravar.png in Resources */,
				54A2EF1E1AE4569200648E72 /* shelfMiddle.png in Resources */,
				C4D5B7741AEAAC5300775169 /* c4.png in Resources */,
				C4D5B7861AEAB28000775169 /* GravarLegenda.png in Resources */,
				54DD27E11AE4951400C15530 /* Narrar.png in Resources */,
				C4D5B78B1AEAB28000775169 /* PararLegenda.png in Resources */,
				C47A67A41AEAA37A00A9A62D /* finalizar.mp3 in Resources */,
				C47395841AE45F50006C9AFA /* pageProx.mp3 in Resources */,
				C4D5B7851AEAB28000775169 /* BtnPausar01.png in Resources */,
				54DA3E521AEAB78100ADD394 /* X-01.png in Resources */,
				545DA4571AD46BFC008A5247 /* BookViewController.xib in Resources */,
				C47216511AD8431F005EF629 /* LogoEraUmaVezUmDesenho.png in Resources */,
				54C33C071AE96D6F009BB220 /* Log.txt in Resources */,
				549BBB601AE80E510091359B /* SchuboiseHandwrite.ttf in Resources */,
				C4C7FD3D1AD82CF90073441E /* Book3pqPage13.png in Resources */,
				54DA3E581AEAB9A100ADD394 /* 3pqCover.png in Resources */,
				C426D4131AD72A4500F9B4E9 /* Home.png in Resources */,
				54DA3E5C1AEACC1600ADD394 /* BtnComeçar.png in Resources */,
				C4C7FD391AD82CF90073441E /* Book3pqPage9.png in Resources */,
				C47395811AE45F50006C9AFA /* clickButton.mp3 in Resources */,
				C426D4151AD72A4500F9B4E9 /* Play.png in Resources */,
				54BB84341AE308AB003A53F4 /* Images.xcassets in Resources */,
				54DA3E5A1AEABA3000ADD394 /* joaoemariaTXT.txt in Resources */,
				54A2EF1D1AE4569200648E72 /* shelfTop.png in Resources */,
				C4C7FD351AD82CF90073441E /* Book3pqPage5.png in Resources */,
				C4C7FD311AD82CF90073441E /* Book3pqPage1.png in Resources */,
				C4D5B78F1AEAB43C00775169 /* FeedbackFinalizar.png in Resources */,
				C426D4161AD72A4500F9B4E9 /* Stop.png in Resources */,
				C472164F1AD83C45005EF629 /* MenuViewController.xib in Resources */,
				C4D5B76E1AEAAC5300775169 /* c0.png in Resources */,
				5494F8B11AE357AD00B58D57 /* CardenioModernBold.ttf in Resources */,
				54C33C091AE96D92009BB220 /* HelpText.txt in Resources */,
				C47216551AD84628005EF629 /* BtnNarrar.png in Resources */,
				C4D5B7701AEAAC5300775169 /* c10.png in Resources */,
				C4C7FD341AD82CF90073441E /* Book3pqPage4.png in Resources */,
				C4D5B7761AEAAC5300775169 /* c6.png in Resources */,
				C4C7FD3A1AD82CF90073441E /* Book3pqPage10.png in Resources */,
				C47216571AD84854005EF629 /* Fundo.png in Resources */,
				C4D5B78E1AEAB43C00775169 /* Check-01.png in Resources */,
				C4D5B7871AEAB28000775169 /* LegendaIniciar.png in Resources */,
				C4C7FD301AD82CF90073441E /* Book3pqPage0.png in Resources */,
				C47395821AE45F50006C9AFA /* home.mp3 in Resources */,
				54DA3E621AEADC3F00ADD394 /* espessura2.png in Resources */,
				C426D4141AD72A4500F9B4E9 /* Pausar.png in Resources */,
				54DA3E571AEAB9A100ADD394 /* joaoemariaCover.png in Resources */,
				C471EAFE1AEBEA9200763069 /* clickLapisEspessura.mp3 in Resources */,
				54C33C0D1AE99924009BB220 /* btnHelp.png in Resources */,
				C4C7FD361AD82CF90073441E /* Book3pqPage6.png in Resources */,
				C4C7FD381AD82CF90073441E /* Book3pqPage8.png in Resources */,
				54DA0C911AD31A1200FA848D /* PageViewController.xib in Resources */,
				C4D5B7781AEAAC5300775169 /* c8.png in Resources */,
				54BB84381AE32E4F003A53F4 /* redhoodTXT.txt in Resources */,
				54DD04381AE4B56D00169C26 /* MODELO.txt in Resources */,
				C4C7FD3B1AD82CF90073441E /* Book3pqPage11.png in Resources */,
				C4D5B77B1AEAACA800775169 /* Iconelapis.png in Resources */,
				C47A67A31AEAA37A00A9A62D /* caixaLapis.mp3 in Resources */,
				C4D5B7711AEAAC5300775169 /* c11.png in Resources */,
				C4D5B7771AEAAC5300775169 /* c7.png in Resources */,
				C4D5B76F1AEAAC5300775169 /* c1.png in Resources */,
				C4D5B7791AEAAC5300775169 /* c9.png in Resources */,
				C4C7FD331AD82CF90073441E /* Book3pqPage3.png in Resources */,
				54DA3E611AEADC3F00ADD394 /* espessura1.png in Resources */,
			);
			runOnlyForDeploymentPostprocessing = 0;
		};
		C4C5F64A1AD042B400226F61 /* Resources */ = {
			isa = PBXResourcesBuildPhase;
			buildActionMask = 2147483647;
			files = (
			);
			runOnlyForDeploymentPostprocessing = 0;
		};
/* End PBXResourcesBuildPhase section */

/* Begin PBXSourcesBuildPhase section */
		C4C5F6321AD042B300226F61 /* Sources */ = {
			isa = PBXSourcesBuildPhase;
			buildActionMask = 2147483647;
			files = (
				545DA4561AD46BFC008A5247 /* BookViewController.m in Sources */,
				C47A67A01AEAA34A00A9A62D /* Sounds.m in Sources */,
				547E19E81AE0219600E0F755 /* BookShelf.m in Sources */,
				C472164E1AD83C45005EF629 /* MenuViewController.m in Sources */,
				549BBB641AE8206E0091359B /* SettingsViewController.m in Sources */,
				C4C5F63F1AD042B300226F61 /* AppDelegate.m in Sources */,
				C4C5F6421AD042B300226F61 /* POCGravacao.xcdatamodeld in Sources */,
				C46316061AD0729800695BA1 /* EntradaUsuario.m in Sources */,
				54DA0C901AD31A1200FA848D /* PageViewController.m in Sources */,
				C4C5F63C1AD042B300226F61 /* main.m in Sources */,
			);
			runOnlyForDeploymentPostprocessing = 0;
		};
		C4C5F6481AD042B400226F61 /* Sources */ = {
			isa = PBXSourcesBuildPhase;
			buildActionMask = 2147483647;
			files = (
				C4C5F6531AD042B400226F61 /* POCGravacaoTests.m in Sources */,
			);
			runOnlyForDeploymentPostprocessing = 0;
		};
/* End PBXSourcesBuildPhase section */

/* Begin PBXTargetDependency section */
		C4C5F64E1AD042B400226F61 /* PBXTargetDependency */ = {
			isa = PBXTargetDependency;
			target = C4C5F6351AD042B300226F61 /* POCGravacao */;
			targetProxy = C4C5F64D1AD042B400226F61 /* PBXContainerItemProxy */;
		};
/* End PBXTargetDependency section */

/* Begin PBXVariantGroup section */
		C4C5F6451AD042B300226F61 /* LaunchScreen.xib */ = {
			isa = PBXVariantGroup;
			children = (
				C4C5F6461AD042B300226F61 /* Base */,
			);
			name = LaunchScreen.xib;
			sourceTree = "<group>";
		};
/* End PBXVariantGroup section */

/* Begin XCBuildConfiguration section */
		C4C5F6541AD042B400226F61 /* Debug */ = {
			isa = XCBuildConfiguration;
			buildSettings = {
				ALWAYS_SEARCH_USER_PATHS = NO;
				CLANG_CXX_LANGUAGE_STANDARD = "gnu++0x";
				CLANG_CXX_LIBRARY = "libc++";
				CLANG_ENABLE_MODULES = YES;
				CLANG_ENABLE_OBJC_ARC = YES;
				CLANG_WARN_BOOL_CONVERSION = YES;
				CLANG_WARN_CONSTANT_CONVERSION = YES;
				CLANG_WARN_DIRECT_OBJC_ISA_USAGE = YES_ERROR;
				CLANG_WARN_EMPTY_BODY = YES;
				CLANG_WARN_ENUM_CONVERSION = YES;
				CLANG_WARN_INT_CONVERSION = YES;
				CLANG_WARN_OBJC_ROOT_CLASS = YES_ERROR;
				CLANG_WARN_UNREACHABLE_CODE = YES;
				CLANG_WARN__DUPLICATE_METHOD_MATCH = YES;
				"CODE_SIGN_IDENTITY[sdk=iphoneos*]" = "iPhone Developer";
				COPY_PHASE_STRIP = NO;
				ENABLE_STRICT_OBJC_MSGSEND = YES;
				GCC_C_LANGUAGE_STANDARD = gnu99;
				GCC_DYNAMIC_NO_PIC = NO;
				GCC_OPTIMIZATION_LEVEL = 0;
				GCC_PREPROCESSOR_DEFINITIONS = (
					"DEBUG=1",
					"$(inherited)",
				);
				GCC_SYMBOLS_PRIVATE_EXTERN = NO;
				GCC_WARN_64_TO_32_BIT_CONVERSION = YES;
				GCC_WARN_ABOUT_RETURN_TYPE = YES_ERROR;
				GCC_WARN_UNDECLARED_SELECTOR = YES;
				GCC_WARN_UNINITIALIZED_AUTOS = YES_AGGRESSIVE;
				GCC_WARN_UNUSED_FUNCTION = YES;
				GCC_WARN_UNUSED_VARIABLE = YES;
				IPHONEOS_DEPLOYMENT_TARGET = 8.2;
				MTL_ENABLE_DEBUG_INFO = YES;
				ONLY_ACTIVE_ARCH = YES;
				SDKROOT = iphoneos;
			};
			name = Debug;
		};
		C4C5F6551AD042B400226F61 /* Release */ = {
			isa = XCBuildConfiguration;
			buildSettings = {
				ALWAYS_SEARCH_USER_PATHS = NO;
				CLANG_CXX_LANGUAGE_STANDARD = "gnu++0x";
				CLANG_CXX_LIBRARY = "libc++";
				CLANG_ENABLE_MODULES = YES;
				CLANG_ENABLE_OBJC_ARC = YES;
				CLANG_WARN_BOOL_CONVERSION = YES;
				CLANG_WARN_CONSTANT_CONVERSION = YES;
				CLANG_WARN_DIRECT_OBJC_ISA_USAGE = YES_ERROR;
				CLANG_WARN_EMPTY_BODY = YES;
				CLANG_WARN_ENUM_CONVERSION = YES;
				CLANG_WARN_INT_CONVERSION = YES;
				CLANG_WARN_OBJC_ROOT_CLASS = YES_ERROR;
				CLANG_WARN_UNREACHABLE_CODE = YES;
				CLANG_WARN__DUPLICATE_METHOD_MATCH = YES;
				"CODE_SIGN_IDENTITY[sdk=iphoneos*]" = "iPhone Developer";
				COPY_PHASE_STRIP = NO;
				ENABLE_NS_ASSERTIONS = NO;
				ENABLE_STRICT_OBJC_MSGSEND = YES;
				GCC_C_LANGUAGE_STANDARD = gnu99;
				GCC_WARN_64_TO_32_BIT_CONVERSION = YES;
				GCC_WARN_ABOUT_RETURN_TYPE = YES_ERROR;
				GCC_WARN_UNDECLARED_SELECTOR = YES;
				GCC_WARN_UNINITIALIZED_AUTOS = YES_AGGRESSIVE;
				GCC_WARN_UNUSED_FUNCTION = YES;
				GCC_WARN_UNUSED_VARIABLE = YES;
				IPHONEOS_DEPLOYMENT_TARGET = 8.2;
				MTL_ENABLE_DEBUG_INFO = NO;
				SDKROOT = iphoneos;
				VALIDATE_PRODUCT = YES;
			};
			name = Release;
		};
		C4C5F6571AD042B400226F61 /* Debug */ = {
			isa = XCBuildConfiguration;
			buildSettings = {
				ASSETCATALOG_COMPILER_APPICON_NAME = AppIcon;
				ASSETCATALOG_COMPILER_LAUNCHIMAGE_NAME = LaunchImage;
				CODE_SIGN_IDENTITY = "iPhone Developer";
				"CODE_SIGN_IDENTITY[sdk=iphoneos*]" = "iPhone Developer";
				INFOPLIST_FILE = POCGravacao/Info.plist;
				IPHONEOS_DEPLOYMENT_TARGET = 8.3;
				LD_RUNPATH_SEARCH_PATHS = "$(inherited) @executable_path/Frameworks";
				PRODUCT_NAME = "$(TARGET_NAME)";
				PROVISIONING_PROFILE = "";
				TARGETED_DEVICE_FAMILY = 2;
			};
			name = Debug;
		};
		C4C5F6581AD042B400226F61 /* Release */ = {
			isa = XCBuildConfiguration;
			buildSettings = {
				ASSETCATALOG_COMPILER_APPICON_NAME = AppIcon;
				ASSETCATALOG_COMPILER_LAUNCHIMAGE_NAME = LaunchImage;
				CODE_SIGN_IDENTITY = "iPhone Developer";
				"CODE_SIGN_IDENTITY[sdk=iphoneos*]" = "iPhone Developer";
				INFOPLIST_FILE = POCGravacao/Info.plist;
				IPHONEOS_DEPLOYMENT_TARGET = 8.3;
				LD_RUNPATH_SEARCH_PATHS = "$(inherited) @executable_path/Frameworks";
				PRODUCT_NAME = "$(TARGET_NAME)";
				PROVISIONING_PROFILE = "";
				TARGETED_DEVICE_FAMILY = 2;
			};
			name = Release;
		};
		C4C5F65A1AD042B400226F61 /* Debug */ = {
			isa = XCBuildConfiguration;
			buildSettings = {
				BUNDLE_LOADER = "$(TEST_HOST)";
				FRAMEWORK_SEARCH_PATHS = (
					"$(SDKROOT)/Developer/Library/Frameworks",
					"$(inherited)",
				);
				GCC_PREPROCESSOR_DEFINITIONS = (
					"DEBUG=1",
					"$(inherited)",
				);
				INFOPLIST_FILE = POCGravacaoTests/Info.plist;
				LD_RUNPATH_SEARCH_PATHS = "$(inherited) @executable_path/Frameworks @loader_path/Frameworks";
				PRODUCT_NAME = "$(TARGET_NAME)";
				TEST_HOST = "$(BUILT_PRODUCTS_DIR)/POCGravacao.app/POCGravacao";
			};
			name = Debug;
		};
		C4C5F65B1AD042B400226F61 /* Release */ = {
			isa = XCBuildConfiguration;
			buildSettings = {
				BUNDLE_LOADER = "$(TEST_HOST)";
				FRAMEWORK_SEARCH_PATHS = (
					"$(SDKROOT)/Developer/Library/Frameworks",
					"$(inherited)",
				);
				INFOPLIST_FILE = POCGravacaoTests/Info.plist;
				LD_RUNPATH_SEARCH_PATHS = "$(inherited) @executable_path/Frameworks @loader_path/Frameworks";
				PRODUCT_NAME = "$(TARGET_NAME)";
				TEST_HOST = "$(BUILT_PRODUCTS_DIR)/POCGravacao.app/POCGravacao";
			};
			name = Release;
		};
/* End XCBuildConfiguration section */

/* Begin XCConfigurationList section */
		C4C5F6311AD042B300226F61 /* Build configuration list for PBXProject "POCGravacao" */ = {
			isa = XCConfigurationList;
			buildConfigurations = (
				C4C5F6541AD042B400226F61 /* Debug */,
				C4C5F6551AD042B400226F61 /* Release */,
			);
			defaultConfigurationIsVisible = 0;
			defaultConfigurationName = Release;
		};
		C4C5F6561AD042B400226F61 /* Build configuration list for PBXNativeTarget "POCGravacao" */ = {
			isa = XCConfigurationList;
			buildConfigurations = (
				C4C5F6571AD042B400226F61 /* Debug */,
				C4C5F6581AD042B400226F61 /* Release */,
			);
			defaultConfigurationIsVisible = 0;
			defaultConfigurationName = Release;
		};
		C4C5F6591AD042B400226F61 /* Build configuration list for PBXNativeTarget "POCGravacaoTests" */ = {
			isa = XCConfigurationList;
			buildConfigurations = (
				C4C5F65A1AD042B400226F61 /* Debug */,
				C4C5F65B1AD042B400226F61 /* Release */,
			);
			defaultConfigurationIsVisible = 0;
			defaultConfigurationName = Release;
		};
/* End XCConfigurationList section */

/* Begin XCVersionGroup section */
		C4C5F6401AD042B300226F61 /* POCGravacao.xcdatamodeld */ = {
			isa = XCVersionGroup;
			children = (
				C4C5F6411AD042B300226F61 /* POCGravacao.xcdatamodel */,
			);
			currentVersion = C4C5F6411AD042B300226F61 /* POCGravacao.xcdatamodel */;
			path = POCGravacao.xcdatamodeld;
			sourceTree = "<group>";
			versionGroupType = wrapper.xcdatamodel;
		};
/* End XCVersionGroup section */
	};
	rootObject = C4C5F62E1AD042B300226F61 /* Project object */;
}
